// !$*UTF8*$!
{
	archiveVersion = 1;
	classes = {
	};
	objectVersion = 51;
	objects = {

/* Begin PBXBuildFile section */
		0517B02824BA473C00008884 /* AppDelegate.swift in Sources */ = {isa = PBXBuildFile; fileRef = 0517B02724BA473C00008884 /* AppDelegate.swift */; };
		0517B02A24BA473C00008884 /* SceneDelegate.swift in Sources */ = {isa = PBXBuildFile; fileRef = 0517B02924BA473C00008884 /* SceneDelegate.swift */; };
		0517B03124BA474100008884 /* Assets.xcassets in Resources */ = {isa = PBXBuildFile; fileRef = 0517B03024BA474100008884 /* Assets.xcassets */; };
		0517B03424BA474100008884 /* LaunchScreen.storyboard in Resources */ = {isa = PBXBuildFile; fileRef = 0517B03224BA474100008884 /* LaunchScreen.storyboard */; };
		0517B03F24BA474200008884 /* Globe_UsTests.swift in Sources */ = {isa = PBXBuildFile; fileRef = 0517B03E24BA474200008884 /* Globe_UsTests.swift */; };
		0517B04A24BA474200008884 /* Globe_UsUITests.swift in Sources */ = {isa = PBXBuildFile; fileRef = 0517B04924BA474200008884 /* Globe_UsUITests.swift */; };
		051D060424BE0EC400E61520 /* AccelerometerOrientation.swift in Sources */ = {isa = PBXBuildFile; fileRef = 051D060324BE0EC400E61520 /* AccelerometerOrientation.swift */; };
		0521CADC24BBADC7008BB178 /* LaunchScreenViewController.swift in Sources */ = {isa = PBXBuildFile; fileRef = 0521CADB24BBADC7008BB178 /* LaunchScreenViewController.swift */; };
		0521CADF24BBADFC008BB178 /* AppController.swift in Sources */ = {isa = PBXBuildFile; fileRef = 0521CADE24BBADFC008BB178 /* AppController.swift */; };
		0521CAE524BBB0DA008BB178 /* MainPresenter.swift in Sources */ = {isa = PBXBuildFile; fileRef = 0521CAE124BBB0DA008BB178 /* MainPresenter.swift */; };
		0521CAE624BBB0DA008BB178 /* MainViewController.swift in Sources */ = {isa = PBXBuildFile; fileRef = 0521CAE224BBB0DA008BB178 /* MainViewController.swift */; };
		0521CAE724BBB0DA008BB178 /* MainView.swift in Sources */ = {isa = PBXBuildFile; fileRef = 0521CAE324BBB0DA008BB178 /* MainView.swift */; };
		0521CAE824BBB0DA008BB178 /* MainConfigurator.swift in Sources */ = {isa = PBXBuildFile; fileRef = 0521CAE424BBB0DA008BB178 /* MainConfigurator.swift */; };
		0521CAEF24BBC794008BB178 /* Pods_Globe_Us.framework in Frameworks */ = {isa = PBXBuildFile; fileRef = 8964DCD05CB9F3D8DD4CDC14 /* Pods_Globe_Us.framework */; };
		0521CAF024BBC794008BB178 /* Pods_Globe_Us.framework in Embed Frameworks */ = {isa = PBXBuildFile; fileRef = 8964DCD05CB9F3D8DD4CDC14 /* Pods_Globe_Us.framework */; settings = {ATTRIBUTES = (CodeSignOnCopy, RemoveHeadersOnCopy, ); }; };
		0521CAF324BBDAED008BB178 /* CameraController.swift in Sources */ = {isa = PBXBuildFile; fileRef = 0521CAF224BBDAED008BB178 /* CameraController.swift */; };
		0521CAF524BBE0E9008BB178 /* PreviewView.swift in Sources */ = {isa = PBXBuildFile; fileRef = 0521CAF424BBE0E9008BB178 /* PreviewView.swift */; };
		052B1E4C24C39C030068B701 /* AuthorizationPresenter.swift in Sources */ = {isa = PBXBuildFile; fileRef = 052B1E4824C39C030068B701 /* AuthorizationPresenter.swift */; };
		052B1E4D24C39C030068B701 /* AuthorizationViewController.swift in Sources */ = {isa = PBXBuildFile; fileRef = 052B1E4924C39C030068B701 /* AuthorizationViewController.swift */; };
		052B1E4E24C39C030068B701 /* AuthorizationView.swift in Sources */ = {isa = PBXBuildFile; fileRef = 052B1E4A24C39C030068B701 /* AuthorizationView.swift */; };
		052B1E4F24C39C030068B701 /* AuthorizationConfigurator.swift in Sources */ = {isa = PBXBuildFile; fileRef = 052B1E4B24C39C030068B701 /* AuthorizationConfigurator.swift */; };
		2398F1CA0B1B391FCA8EE4A1 /* ShutterButtonViewController.swift in Sources */ = {isa = PBXBuildFile; fileRef = 2398F5A3371410C1773E385B /* ShutterButtonViewController.swift */; };
		2398F6CDA780662CF40BF311 /* ChallengeInfoView.swift in Sources */ = {isa = PBXBuildFile; fileRef = 2398FAA97653EC51C3C97A16 /* ChallengeInfoView.swift */; };
		2398F7342F36A48AFEDECA51 /* DataEngine.swift in Sources */ = {isa = PBXBuildFile; fileRef = 2398F87DF879B1B9DE892350 /* DataEngine.swift */; };
		2398FC94704549997E8B3F9E /* Photo.swift in Sources */ = {isa = PBXBuildFile; fileRef = 2398FEE3B0DAA87F648F8A23 /* Photo.swift */; };
		BD2D3226264B1F32008489BF /* KeyboardObserver.swift in Sources */ = {isa = PBXBuildFile; fileRef = BD2D3225264B1F32008489BF /* KeyboardObserver.swift */; };
		BD2D9B732674B9090082BC1A /* RadioButton.swift in Sources */ = {isa = PBXBuildFile; fileRef = BD2D9B722674B9090082BC1A /* RadioButton.swift */; };
		BD2D9B752674D5D00082BC1A /* ProfileService.swift in Sources */ = {isa = PBXBuildFile; fileRef = BD2D9B742674D5CF0082BC1A /* ProfileService.swift */; };
		BD2D9B782675FAE00082BC1A /* SettingsPresenter.swift in Sources */ = {isa = PBXBuildFile; fileRef = BD2D9B772675FAE00082BC1A /* SettingsPresenter.swift */; };
		BD2D9B7A2675FAFA0082BC1A /* SettingsViewController.swift in Sources */ = {isa = PBXBuildFile; fileRef = BD2D9B792675FAFA0082BC1A /* SettingsViewController.swift */; };
		BD2D9B7C2675FB070082BC1A /* SettingsView.swift in Sources */ = {isa = PBXBuildFile; fileRef = BD2D9B7B2675FB070082BC1A /* SettingsView.swift */; };
		BD2D9B7E2675FB180082BC1A /* SettingsConfigurator.swift in Sources */ = {isa = PBXBuildFile; fileRef = BD2D9B7D2675FB180082BC1A /* SettingsConfigurator.swift */; };
		BD2D9B802676040B0082BC1A /* SettingsEntity.swift in Sources */ = {isa = PBXBuildFile; fileRef = BD2D9B7F2676040B0082BC1A /* SettingsEntity.swift */; };
		BD2D9B8226760D790082BC1A /* CountriesResponse.swift in Sources */ = {isa = PBXBuildFile; fileRef = BD2D9B8126760D790082BC1A /* CountriesResponse.swift */; };
		BD2D9B84267610A50082BC1A /* CountriesService.swift in Sources */ = {isa = PBXBuildFile; fileRef = BD2D9B83267610A50082BC1A /* CountriesService.swift */; };
		BD2D9B87267770B00082BC1A /* SettingsService.swift in Sources */ = {isa = PBXBuildFile; fileRef = BD2D9B86267770B00082BC1A /* SettingsService.swift */; };
		BD2D9B89267770C90082BC1A /* RealmService.swift in Sources */ = {isa = PBXBuildFile; fileRef = BD2D9B88267770C90082BC1A /* RealmService.swift */; };
		BD2D9B8C26777EF80082BC1A /* SettingsCityCollectionViewCell.swift in Sources */ = {isa = PBXBuildFile; fileRef = BD2D9B8B26777EF80082BC1A /* SettingsCityCollectionViewCell.swift */; };
		BD82297D26502F6D000B286E /* AuthResponse.swift in Sources */ = {isa = PBXBuildFile; fileRef = BD82297C26502F6C000B286E /* AuthResponse.swift */; };
		BD8229812650308D000B286E /* AuthService.swift in Sources */ = {isa = PBXBuildFile; fileRef = BD8229802650308D000B286E /* AuthService.swift */; };
		BD82299126503B6F000B286E /* AudioToolbox.framework in Frameworks */ = {isa = PBXBuildFile; fileRef = BD82299026503B6F000B286E /* AudioToolbox.framework */; };
		BD82299B26503C96000B286E /* AuthenticationServices.framework in Frameworks */ = {isa = PBXBuildFile; fileRef = BD82299A26503C96000B286E /* AuthenticationServices.framework */; };
		BD8229AB26504236000B286E /* GoogleService-Info.plist in Resources */ = {isa = PBXBuildFile; fileRef = BD8229AA26504236000B286E /* GoogleService-Info.plist */; };
		BD8229CF26511708000B286E /* RegistrationConfigurator.swift in Sources */ = {isa = PBXBuildFile; fileRef = BD8229CE26511708000B286E /* RegistrationConfigurator.swift */; };
		BD8229D52651171C000B286E /* RegistrationView.swift in Sources */ = {isa = PBXBuildFile; fileRef = BD8229D42651171C000B286E /* RegistrationView.swift */; };
		BD8229D92651172F000B286E /* RegistrationViewController.swift in Sources */ = {isa = PBXBuildFile; fileRef = BD8229D82651172F000B286E /* RegistrationViewController.swift */; };
		BD8229E12651173D000B286E /* RegistrationPresenter.swift in Sources */ = {isa = PBXBuildFile; fileRef = BD8229E02651173D000B286E /* RegistrationPresenter.swift */; };
		BD8229E726511C2F000B286E /* RegisterResponse.swift in Sources */ = {isa = PBXBuildFile; fileRef = BD8229E626511C2F000B286E /* RegisterResponse.swift */; };
		BD8835EB267CA0FC00D94E1D /* AboutAppTableViewCell.swift in Sources */ = {isa = PBXBuildFile; fileRef = BD8835EA267CA0FC00D94E1D /* AboutAppTableViewCell.swift */; };
		BD8835ED267CBCC100D94E1D /* LoadedCityEntity.swift in Sources */ = {isa = PBXBuildFile; fileRef = BD8835EC267CBCC100D94E1D /* LoadedCityEntity.swift */; };
		BD8835F0267CC34400D94E1D /* SelectCityPresenter.swift in Sources */ = {isa = PBXBuildFile; fileRef = BD8835EF267CC34400D94E1D /* SelectCityPresenter.swift */; };
		BD8835F2267CC35100D94E1D /* SelectCityViewController.swift in Sources */ = {isa = PBXBuildFile; fileRef = BD8835F1267CC35100D94E1D /* SelectCityViewController.swift */; };
		BD8835F4267CC35E00D94E1D /* SelectCityView.swift in Sources */ = {isa = PBXBuildFile; fileRef = BD8835F3267CC35E00D94E1D /* SelectCityView.swift */; };
		BD8835F6267CC37000D94E1D /* SelectCityConfigurator.swift in Sources */ = {isa = PBXBuildFile; fileRef = BD8835F5267CC37000D94E1D /* SelectCityConfigurator.swift */; };
		BD8835F9267CC44C00D94E1D /* SelectCityTableViewCell.swift in Sources */ = {isa = PBXBuildFile; fileRef = BD8835F8267CC44C00D94E1D /* SelectCityTableViewCell.swift */; };
		BDA58FA4267C8DF800A32161 /* AboutAppPresenter.swift in Sources */ = {isa = PBXBuildFile; fileRef = BDA58FA3267C8DF800A32161 /* AboutAppPresenter.swift */; };
		BDA58FA6267C8E9800A32161 /* AboutAppViewController.swift in Sources */ = {isa = PBXBuildFile; fileRef = BDA58FA5267C8E9800A32161 /* AboutAppViewController.swift */; };
		BDA58FA8267C8EA700A32161 /* AboutAppView.swift in Sources */ = {isa = PBXBuildFile; fileRef = BDA58FA7267C8EA700A32161 /* AboutAppView.swift */; };
		BDA58FAA267C8EBC00A32161 /* AboutAppConfigurator.swift in Sources */ = {isa = PBXBuildFile; fileRef = BDA58FA9267C8EBC00A32161 /* AboutAppConfigurator.swift */; };
		BDAC95502662882000216B35 /* ProfilePresenter.swift in Sources */ = {isa = PBXBuildFile; fileRef = BDAC954F2662882000216B35 /* ProfilePresenter.swift */; };
		BDAC95562662883300216B35 /* ProfileViewController.swift in Sources */ = {isa = PBXBuildFile; fileRef = BDAC95552662883300216B35 /* ProfileViewController.swift */; };
		BDAC955A2662883C00216B35 /* ProfileView.swift in Sources */ = {isa = PBXBuildFile; fileRef = BDAC95592662883C00216B35 /* ProfileView.swift */; };
		BDAC955E2662884A00216B35 /* ProfileConfigurator.swift in Sources */ = {isa = PBXBuildFile; fileRef = BDAC955D2662884A00216B35 /* ProfileConfigurator.swift */; };
		BDAC95622662A09D00216B35 /* DefaultButton.swift in Sources */ = {isa = PBXBuildFile; fileRef = BDAC95612662A09D00216B35 /* DefaultButton.swift */; };
		BDAC95662662A8F100216B35 /* ProfileResponse.swift in Sources */ = {isa = PBXBuildFile; fileRef = BDAC95652662A8F100216B35 /* ProfileResponse.swift */; };
		BDAC956A2662B22000216B35 /* ProfileCollectionViewCell.swift in Sources */ = {isa = PBXBuildFile; fileRef = BDAC95692662B21F00216B35 /* ProfileCollectionViewCell.swift */; };
		BDAC956E2662E67600216B35 /* ProfileHeaderCollectionReusableView.swift in Sources */ = {isa = PBXBuildFile; fileRef = BDAC956D2662E67600216B35 /* ProfileHeaderCollectionReusableView.swift */; };
		BDAC95752663D1A600216B35 /* ProfileSettingsPresenter.swift in Sources */ = {isa = PBXBuildFile; fileRef = BDAC95742663D1A600216B35 /* ProfileSettingsPresenter.swift */; };
		BDAC957B2663D1B300216B35 /* ProfileSettingsViewController.swift in Sources */ = {isa = PBXBuildFile; fileRef = BDAC957A2663D1B300216B35 /* ProfileSettingsViewController.swift */; };
		BDAC957F2663D1BB00216B35 /* ProfileSettingsView.swift in Sources */ = {isa = PBXBuildFile; fileRef = BDAC957E2663D1BB00216B35 /* ProfileSettingsView.swift */; };
		BDAC95832663D1C500216B35 /* ProfileSettingsConfigurator.swift in Sources */ = {isa = PBXBuildFile; fileRef = BDAC95822663D1C500216B35 /* ProfileSettingsConfigurator.swift */; };
		BDCBA974264B121500D894D1 /* UIImageExtensions.swift in Sources */ = {isa = PBXBuildFile; fileRef = BDCBA973264B121500D894D1 /* UIImageExtensions.swift */; };
		BDCBA978264B160F00D894D1 /* UIColorExtensions.swift in Sources */ = {isa = PBXBuildFile; fileRef = BDCBA977264B160F00D894D1 /* UIColorExtensions.swift */; };
		C72C9F7425F988FA00A0A6F5 /* ChallengesViewController.swift in Sources */ = {isa = PBXBuildFile; fileRef = C72C9F7325F988FA00A0A6F5 /* ChallengesViewController.swift */; };
		C72C9F7A25F9891900A0A6F5 /* ChallengesView.swift in Sources */ = {isa = PBXBuildFile; fileRef = C72C9F7925F9891900A0A6F5 /* ChallengesView.swift */; };
		C72C9F7E25F98F9100A0A6F5 /* ChallengeInfoTableViewCell.swift in Sources */ = {isa = PBXBuildFile; fileRef = C72C9F7D25F98F9100A0A6F5 /* ChallengeInfoTableViewCell.swift */; };
		C75548D425FAA2D000D0D9BE /* ChallengeArrowTableViewCell.swift in Sources */ = {isa = PBXBuildFile; fileRef = C75548D325FAA2D000D0D9BE /* ChallengeArrowTableViewCell.swift */; };
		C75548D825FAB49700D0D9BE /* ChallengeHeaderView.swift in Sources */ = {isa = PBXBuildFile; fileRef = C75548D725FAB49700D0D9BE /* ChallengeHeaderView.swift */; };
		C75548DF25FAC46100D0D9BE /* ChallengesDetailViewController.swift in Sources */ = {isa = PBXBuildFile; fileRef = C75548DE25FAC46100D0D9BE /* ChallengesDetailViewController.swift */; };
		C75548E325FAC48900D0D9BE /* ChallengesDetailView.swift in Sources */ = {isa = PBXBuildFile; fileRef = C75548E225FAC48900D0D9BE /* ChallengesDetailView.swift */; };
		C75548E725FAC98400D0D9BE /* ChallengesDetailTableViewCell.swift in Sources */ = {isa = PBXBuildFile; fileRef = C75548E625FAC98400D0D9BE /* ChallengesDetailTableViewCell.swift */; };
		C75548EE25FAE23200D0D9BE /* ChallengeDetailInfoViewController.swift in Sources */ = {isa = PBXBuildFile; fileRef = C75548ED25FAE23200D0D9BE /* ChallengeDetailInfoViewController.swift */; };
		C75548F225FAE24E00D0D9BE /* ChallengeDetailInfoView.swift in Sources */ = {isa = PBXBuildFile; fileRef = C75548F125FAE24E00D0D9BE /* ChallengeDetailInfoView.swift */; };
		C75548F725FAEBA800D0D9BE /* AboutChallengeViewController.swift in Sources */ = {isa = PBXBuildFile; fileRef = C75548F625FAEBA800D0D9BE /* AboutChallengeViewController.swift */; };
		C75548FB25FAEBBB00D0D9BE /* AboutChallengeView.swift in Sources */ = {isa = PBXBuildFile; fileRef = C75548FA25FAEBBB00D0D9BE /* AboutChallengeView.swift */; };
		C7A31AB725EBA6C3008D5E20 /* CameraViewController.swift in Sources */ = {isa = PBXBuildFile; fileRef = C7A31AB625EBA6C3008D5E20 /* CameraViewController.swift */; };
		C7A31ABD25EBA8D4008D5E20 /* CameraEngine.swift in Sources */ = {isa = PBXBuildFile; fileRef = C7A31ABC25EBA8D4008D5E20 /* CameraEngine.swift */; };
		C7A31AC125EBA938008D5E20 /* PreviewMetalView.swift in Sources */ = {isa = PBXBuildFile; fileRef = C7A31AC025EBA938008D5E20 /* PreviewMetalView.swift */; };
		C7A31AC525EBAA2B008D5E20 /* TapticHelper.swift in Sources */ = {isa = PBXBuildFile; fileRef = C7A31AC425EBAA2B008D5E20 /* TapticHelper.swift */; };
		C7A31ACC25EBB4DD008D5E20 /* PassThrough.metal in Sources */ = {isa = PBXBuildFile; fileRef = C7A31ACB25EBB4DD008D5E20 /* PassThrough.metal */; };
		C7A31AD025EBB6FC008D5E20 /* CameraActionViewController.swift in Sources */ = {isa = PBXBuildFile; fileRef = C7A31ACF25EBB6FC008D5E20 /* CameraActionViewController.swift */; };
		C7D62D2825ED06730021E642 /* WorkModeCollectionViewCell.swift in Sources */ = {isa = PBXBuildFile; fileRef = C7D62D2725ED06730021E642 /* WorkModeCollectionViewCell.swift */; };
		C7FB9AC425EC05AC0010CD2C /* ViewControllerExtensions.swift in Sources */ = {isa = PBXBuildFile; fileRef = C7FB9AC325EC05AC0010CD2C /* ViewControllerExtensions.swift */; };
		C7FB9AC825EC05F40010CD2C /* UIViewExtensions.swift in Sources */ = {isa = PBXBuildFile; fileRef = C7FB9AC725EC05F40010CD2C /* UIViewExtensions.swift */; };
		C7FB9ACC25EC09690010CD2C /* StickersCollectionViewCell.swift in Sources */ = {isa = PBXBuildFile; fileRef = C7FB9ACB25EC09690010CD2C /* StickersCollectionViewCell.swift */; };
		C7FB9AD325EC11630010CD2C /* AbstractRequestRouter.swift in Sources */ = {isa = PBXBuildFile; fileRef = C7FB9AD225EC11630010CD2C /* AbstractRequestRouter.swift */; };
		C7FB9AE025EC13C90010CD2C /* MainRequestRouter.swift in Sources */ = {isa = PBXBuildFile; fileRef = C7FB9ADF25EC13C90010CD2C /* MainRequestRouter.swift */; };
		C7FB9AE525EC158B0010CD2C /* MainRequestFactory.swift in Sources */ = {isa = PBXBuildFile; fileRef = C7FB9AE325EC158B0010CD2C /* MainRequestFactory.swift */; };
		C7FB9AE625EC158B0010CD2C /* AbstractRequestFactory.swift in Sources */ = {isa = PBXBuildFile; fileRef = C7FB9AE425EC158B0010CD2C /* AbstractRequestFactory.swift */; };
		C7FB9AEB25EC159D0010CD2C /* RequestFactory.swift in Sources */ = {isa = PBXBuildFile; fileRef = C7FB9AE925EC159D0010CD2C /* RequestFactory.swift */; };
		C7FB9AEC25EC159D0010CD2C /* SessionManagerFactory.swift in Sources */ = {isa = PBXBuildFile; fileRef = C7FB9AEA25EC159D0010CD2C /* SessionManagerFactory.swift */; };
		C7FB9AF525EC17250010CD2C /* CitiesResponse.swift in Sources */ = {isa = PBXBuildFile; fileRef = C7FB9AF425EC17250010CD2C /* CitiesResponse.swift */; };
		C7FB9AF925EC188D0010CD2C /* NetworkError.swift in Sources */ = {isa = PBXBuildFile; fileRef = C7FB9AF825EC188D0010CD2C /* NetworkError.swift */; };
		C7FB9AFF25EC195A0010CD2C /* CitiesService.swift in Sources */ = {isa = PBXBuildFile; fileRef = C7FB9AFE25EC195A0010CD2C /* CitiesService.swift */; };
		C7FB9B0525EC23310010CD2C /* SafeCollection.swift in Sources */ = {isa = PBXBuildFile; fileRef = C7FB9B0425EC23310010CD2C /* SafeCollection.swift */; };
		C7FB9B0925EC23E00010CD2C /* UIImageViewDownloader.swift in Sources */ = {isa = PBXBuildFile; fileRef = C7FB9B0825EC23E00010CD2C /* UIImageViewDownloader.swift */; };
		C8FCBA1C6AD3D2290FED5956 /* Pods_Globe_Us_Globe_UsUITests.framework in Frameworks */ = {isa = PBXBuildFile; fileRef = 3C46A13AB7DD04E7EBAA37DD /* Pods_Globe_Us_Globe_UsUITests.framework */; };
		CA23F5FF38ECCB4C19B92BF0 /* Pods_Globe_UsTests.framework in Frameworks */ = {isa = PBXBuildFile; fileRef = 42FBFE3ABF433B2D0AFBDBA8 /* Pods_Globe_UsTests.framework */; };
/* End PBXBuildFile section */

/* Begin PBXContainerItemProxy section */
		0517B03B24BA474200008884 /* PBXContainerItemProxy */ = {
			isa = PBXContainerItemProxy;
			containerPortal = 0517B01C24BA473C00008884 /* Project object */;
			proxyType = 1;
			remoteGlobalIDString = 0517B02324BA473C00008884;
			remoteInfo = "Globe Us";
		};
		0517B04624BA474200008884 /* PBXContainerItemProxy */ = {
			isa = PBXContainerItemProxy;
			containerPortal = 0517B01C24BA473C00008884 /* Project object */;
			proxyType = 1;
			remoteGlobalIDString = 0517B02324BA473C00008884;
			remoteInfo = "Globe Us";
		};
/* End PBXContainerItemProxy section */

/* Begin PBXCopyFilesBuildPhase section */
		0521CAF124BBC794008BB178 /* Embed Frameworks */ = {
			isa = PBXCopyFilesBuildPhase;
			buildActionMask = 2147483647;
			dstPath = "";
			dstSubfolderSpec = 10;
			files = (
				0521CAF024BBC794008BB178 /* Pods_Globe_Us.framework in Embed Frameworks */,
			);
			name = "Embed Frameworks";
			runOnlyForDeploymentPostprocessing = 0;
		};
/* End PBXCopyFilesBuildPhase section */

/* Begin PBXFileReference section */
		0517B02424BA473C00008884 /* Globe Us.app */ = {isa = PBXFileReference; explicitFileType = wrapper.application; includeInIndex = 0; path = "Globe Us.app"; sourceTree = BUILT_PRODUCTS_DIR; };
		0517B02724BA473C00008884 /* AppDelegate.swift */ = {isa = PBXFileReference; lastKnownFileType = sourcecode.swift; path = AppDelegate.swift; sourceTree = "<group>"; };
		0517B02924BA473C00008884 /* SceneDelegate.swift */ = {isa = PBXFileReference; lastKnownFileType = sourcecode.swift; path = SceneDelegate.swift; sourceTree = "<group>"; };
		0517B03024BA474100008884 /* Assets.xcassets */ = {isa = PBXFileReference; lastKnownFileType = folder.assetcatalog; path = Assets.xcassets; sourceTree = "<group>"; };
		0517B03324BA474100008884 /* Base */ = {isa = PBXFileReference; lastKnownFileType = file.storyboard; name = Base; path = Base.lproj/LaunchScreen.storyboard; sourceTree = "<group>"; };
		0517B03524BA474100008884 /* Info.plist */ = {isa = PBXFileReference; lastKnownFileType = text.plist.xml; path = Info.plist; sourceTree = "<group>"; };
		0517B03A24BA474200008884 /* Globe UsTests.xctest */ = {isa = PBXFileReference; explicitFileType = wrapper.cfbundle; includeInIndex = 0; path = "Globe UsTests.xctest"; sourceTree = BUILT_PRODUCTS_DIR; };
		0517B03E24BA474200008884 /* Globe_UsTests.swift */ = {isa = PBXFileReference; lastKnownFileType = sourcecode.swift; path = Globe_UsTests.swift; sourceTree = "<group>"; };
		0517B04024BA474200008884 /* Info.plist */ = {isa = PBXFileReference; lastKnownFileType = text.plist.xml; path = Info.plist; sourceTree = "<group>"; };
		0517B04524BA474200008884 /* Globe UsUITests.xctest */ = {isa = PBXFileReference; explicitFileType = wrapper.cfbundle; includeInIndex = 0; path = "Globe UsUITests.xctest"; sourceTree = BUILT_PRODUCTS_DIR; };
		0517B04924BA474200008884 /* Globe_UsUITests.swift */ = {isa = PBXFileReference; lastKnownFileType = sourcecode.swift; path = Globe_UsUITests.swift; sourceTree = "<group>"; };
		0517B04B24BA474200008884 /* Info.plist */ = {isa = PBXFileReference; lastKnownFileType = text.plist.xml; path = Info.plist; sourceTree = "<group>"; };
		051D060324BE0EC400E61520 /* AccelerometerOrientation.swift */ = {isa = PBXFileReference; lastKnownFileType = sourcecode.swift; path = AccelerometerOrientation.swift; sourceTree = "<group>"; };
		0521CADB24BBADC7008BB178 /* LaunchScreenViewController.swift */ = {isa = PBXFileReference; lastKnownFileType = sourcecode.swift; path = LaunchScreenViewController.swift; sourceTree = "<group>"; };
		0521CADE24BBADFC008BB178 /* AppController.swift */ = {isa = PBXFileReference; lastKnownFileType = sourcecode.swift; path = AppController.swift; sourceTree = "<group>"; };
		0521CAE124BBB0DA008BB178 /* MainPresenter.swift */ = {isa = PBXFileReference; lastKnownFileType = sourcecode.swift; path = MainPresenter.swift; sourceTree = "<group>"; };
		0521CAE224BBB0DA008BB178 /* MainViewController.swift */ = {isa = PBXFileReference; lastKnownFileType = sourcecode.swift; path = MainViewController.swift; sourceTree = "<group>"; };
		0521CAE324BBB0DA008BB178 /* MainView.swift */ = {isa = PBXFileReference; lastKnownFileType = sourcecode.swift; path = MainView.swift; sourceTree = "<group>"; };
		0521CAE424BBB0DA008BB178 /* MainConfigurator.swift */ = {isa = PBXFileReference; lastKnownFileType = sourcecode.swift; path = MainConfigurator.swift; sourceTree = "<group>"; };
		0521CAEB24BBC75C008BB178 /* SnapKit.framework */ = {isa = PBXFileReference; explicitFileType = wrapper.framework; path = SnapKit.framework; sourceTree = BUILT_PRODUCTS_DIR; };
		0521CAF224BBDAED008BB178 /* CameraController.swift */ = {isa = PBXFileReference; lastKnownFileType = sourcecode.swift; path = CameraController.swift; sourceTree = "<group>"; };
		0521CAF424BBE0E9008BB178 /* PreviewView.swift */ = {isa = PBXFileReference; lastKnownFileType = sourcecode.swift; path = PreviewView.swift; sourceTree = "<group>"; };
		052B1E4824C39C030068B701 /* AuthorizationPresenter.swift */ = {isa = PBXFileReference; lastKnownFileType = sourcecode.swift; path = AuthorizationPresenter.swift; sourceTree = "<group>"; };
		052B1E4924C39C030068B701 /* AuthorizationViewController.swift */ = {isa = PBXFileReference; lastKnownFileType = sourcecode.swift; path = AuthorizationViewController.swift; sourceTree = "<group>"; };
		052B1E4A24C39C030068B701 /* AuthorizationView.swift */ = {isa = PBXFileReference; lastKnownFileType = sourcecode.swift; path = AuthorizationView.swift; sourceTree = "<group>"; };
		052B1E4B24C39C030068B701 /* AuthorizationConfigurator.swift */ = {isa = PBXFileReference; lastKnownFileType = sourcecode.swift; path = AuthorizationConfigurator.swift; sourceTree = "<group>"; };
		0AF799E7D1CC1056A70FCE75 /* Pods-Globe Us-Globe UsUITests.release.xcconfig */ = {isa = PBXFileReference; includeInIndex = 1; lastKnownFileType = text.xcconfig; name = "Pods-Globe Us-Globe UsUITests.release.xcconfig"; path = "Target Support Files/Pods-Globe Us-Globe UsUITests/Pods-Globe Us-Globe UsUITests.release.xcconfig"; sourceTree = "<group>"; };
		2398F5A3371410C1773E385B /* ShutterButtonViewController.swift */ = {isa = PBXFileReference; fileEncoding = 4; lastKnownFileType = sourcecode.swift; path = ShutterButtonViewController.swift; sourceTree = "<group>"; };
		2398F87DF879B1B9DE892350 /* DataEngine.swift */ = {isa = PBXFileReference; fileEncoding = 4; lastKnownFileType = sourcecode.swift; path = DataEngine.swift; sourceTree = "<group>"; };
		2398FAA97653EC51C3C97A16 /* ChallengeInfoView.swift */ = {isa = PBXFileReference; fileEncoding = 4; lastKnownFileType = sourcecode.swift; path = ChallengeInfoView.swift; sourceTree = "<group>"; };
		2398FEE3B0DAA87F648F8A23 /* Photo.swift */ = {isa = PBXFileReference; fileEncoding = 4; lastKnownFileType = sourcecode.swift; path = Photo.swift; sourceTree = "<group>"; };
		33BC249C115990C343359DB3 /* Pods-Globe Us-Globe UsUITests.debug.xcconfig */ = {isa = PBXFileReference; includeInIndex = 1; lastKnownFileType = text.xcconfig; name = "Pods-Globe Us-Globe UsUITests.debug.xcconfig"; path = "Target Support Files/Pods-Globe Us-Globe UsUITests/Pods-Globe Us-Globe UsUITests.debug.xcconfig"; sourceTree = "<group>"; };
		3C46A13AB7DD04E7EBAA37DD /* Pods_Globe_Us_Globe_UsUITests.framework */ = {isa = PBXFileReference; explicitFileType = wrapper.framework; includeInIndex = 0; path = Pods_Globe_Us_Globe_UsUITests.framework; sourceTree = BUILT_PRODUCTS_DIR; };
		42FBFE3ABF433B2D0AFBDBA8 /* Pods_Globe_UsTests.framework */ = {isa = PBXFileReference; explicitFileType = wrapper.framework; includeInIndex = 0; path = Pods_Globe_UsTests.framework; sourceTree = BUILT_PRODUCTS_DIR; };
		629F2DFE4206F374FB93EA1B /* Pods-Globe UsTests.release.xcconfig */ = {isa = PBXFileReference; includeInIndex = 1; lastKnownFileType = text.xcconfig; name = "Pods-Globe UsTests.release.xcconfig"; path = "Target Support Files/Pods-Globe UsTests/Pods-Globe UsTests.release.xcconfig"; sourceTree = "<group>"; };
		87B8CCC842DB471D11D8D71B /* Pods-Globe Us.release.xcconfig */ = {isa = PBXFileReference; includeInIndex = 1; lastKnownFileType = text.xcconfig; name = "Pods-Globe Us.release.xcconfig"; path = "Target Support Files/Pods-Globe Us/Pods-Globe Us.release.xcconfig"; sourceTree = "<group>"; };
		8964DCD05CB9F3D8DD4CDC14 /* Pods_Globe_Us.framework */ = {isa = PBXFileReference; explicitFileType = wrapper.framework; includeInIndex = 0; path = Pods_Globe_Us.framework; sourceTree = BUILT_PRODUCTS_DIR; };
		BD2D3225264B1F32008489BF /* KeyboardObserver.swift */ = {isa = PBXFileReference; lastKnownFileType = sourcecode.swift; path = KeyboardObserver.swift; sourceTree = "<group>"; };
		BD2D9B722674B9090082BC1A /* RadioButton.swift */ = {isa = PBXFileReference; lastKnownFileType = sourcecode.swift; path = RadioButton.swift; sourceTree = "<group>"; };
		BD2D9B742674D5CF0082BC1A /* ProfileService.swift */ = {isa = PBXFileReference; lastKnownFileType = sourcecode.swift; path = ProfileService.swift; sourceTree = "<group>"; };
		BD2D9B772675FAE00082BC1A /* SettingsPresenter.swift */ = {isa = PBXFileReference; lastKnownFileType = sourcecode.swift; path = SettingsPresenter.swift; sourceTree = "<group>"; };
		BD2D9B792675FAFA0082BC1A /* SettingsViewController.swift */ = {isa = PBXFileReference; lastKnownFileType = sourcecode.swift; path = SettingsViewController.swift; sourceTree = "<group>"; wrapsLines = 1; };
		BD2D9B7B2675FB070082BC1A /* SettingsView.swift */ = {isa = PBXFileReference; lastKnownFileType = sourcecode.swift; path = SettingsView.swift; sourceTree = "<group>"; };
		BD2D9B7D2675FB180082BC1A /* SettingsConfigurator.swift */ = {isa = PBXFileReference; lastKnownFileType = sourcecode.swift; path = SettingsConfigurator.swift; sourceTree = "<group>"; };
		BD2D9B7F2676040B0082BC1A /* SettingsEntity.swift */ = {isa = PBXFileReference; lastKnownFileType = sourcecode.swift; path = SettingsEntity.swift; sourceTree = "<group>"; };
		BD2D9B8126760D790082BC1A /* CountriesResponse.swift */ = {isa = PBXFileReference; lastKnownFileType = sourcecode.swift; path = CountriesResponse.swift; sourceTree = "<group>"; };
		BD2D9B83267610A50082BC1A /* CountriesService.swift */ = {isa = PBXFileReference; lastKnownFileType = sourcecode.swift; path = CountriesService.swift; sourceTree = "<group>"; };
		BD2D9B86267770B00082BC1A /* SettingsService.swift */ = {isa = PBXFileReference; lastKnownFileType = sourcecode.swift; path = SettingsService.swift; sourceTree = "<group>"; };
		BD2D9B88267770C90082BC1A /* RealmService.swift */ = {isa = PBXFileReference; lastKnownFileType = sourcecode.swift; path = RealmService.swift; sourceTree = "<group>"; };
		BD2D9B8B26777EF80082BC1A /* SettingsCityCollectionViewCell.swift */ = {isa = PBXFileReference; lastKnownFileType = sourcecode.swift; path = SettingsCityCollectionViewCell.swift; sourceTree = "<group>"; };
		BD82297C26502F6C000B286E /* AuthResponse.swift */ = {isa = PBXFileReference; lastKnownFileType = sourcecode.swift; path = AuthResponse.swift; sourceTree = "<group>"; };
		BD8229802650308D000B286E /* AuthService.swift */ = {isa = PBXFileReference; lastKnownFileType = sourcecode.swift; path = AuthService.swift; sourceTree = "<group>"; };
		BD82299026503B6F000B286E /* AudioToolbox.framework */ = {isa = PBXFileReference; lastKnownFileType = wrapper.framework; name = AudioToolbox.framework; path = System/Library/Frameworks/AudioToolbox.framework; sourceTree = SDKROOT; };
		BD82299A26503C96000B286E /* AuthenticationServices.framework */ = {isa = PBXFileReference; lastKnownFileType = wrapper.framework; name = AuthenticationServices.framework; path = System/Library/Frameworks/AuthenticationServices.framework; sourceTree = SDKROOT; };
		BD8229AA26504236000B286E /* GoogleService-Info.plist */ = {isa = PBXFileReference; fileEncoding = 4; lastKnownFileType = text.plist.xml; path = "GoogleService-Info.plist"; sourceTree = "<group>"; };
		BD8229CE26511708000B286E /* RegistrationConfigurator.swift */ = {isa = PBXFileReference; lastKnownFileType = sourcecode.swift; path = RegistrationConfigurator.swift; sourceTree = "<group>"; };
		BD8229D42651171C000B286E /* RegistrationView.swift */ = {isa = PBXFileReference; lastKnownFileType = sourcecode.swift; path = RegistrationView.swift; sourceTree = "<group>"; };
		BD8229D82651172F000B286E /* RegistrationViewController.swift */ = {isa = PBXFileReference; lastKnownFileType = sourcecode.swift; path = RegistrationViewController.swift; sourceTree = "<group>"; };
		BD8229E02651173D000B286E /* RegistrationPresenter.swift */ = {isa = PBXFileReference; lastKnownFileType = sourcecode.swift; path = RegistrationPresenter.swift; sourceTree = "<group>"; };
		BD8229E626511C2F000B286E /* RegisterResponse.swift */ = {isa = PBXFileReference; lastKnownFileType = sourcecode.swift; path = RegisterResponse.swift; sourceTree = "<group>"; };
		BD8835EA267CA0FC00D94E1D /* AboutAppTableViewCell.swift */ = {isa = PBXFileReference; lastKnownFileType = sourcecode.swift; path = AboutAppTableViewCell.swift; sourceTree = "<group>"; };
		BD8835EC267CBCC100D94E1D /* LoadedCityEntity.swift */ = {isa = PBXFileReference; lastKnownFileType = sourcecode.swift; path = LoadedCityEntity.swift; sourceTree = "<group>"; };
		BD8835EF267CC34400D94E1D /* SelectCityPresenter.swift */ = {isa = PBXFileReference; lastKnownFileType = sourcecode.swift; path = SelectCityPresenter.swift; sourceTree = "<group>"; };
		BD8835F1267CC35100D94E1D /* SelectCityViewController.swift */ = {isa = PBXFileReference; lastKnownFileType = sourcecode.swift; path = SelectCityViewController.swift; sourceTree = "<group>"; };
		BD8835F3267CC35E00D94E1D /* SelectCityView.swift */ = {isa = PBXFileReference; lastKnownFileType = sourcecode.swift; path = SelectCityView.swift; sourceTree = "<group>"; };
		BD8835F5267CC37000D94E1D /* SelectCityConfigurator.swift */ = {isa = PBXFileReference; lastKnownFileType = sourcecode.swift; path = SelectCityConfigurator.swift; sourceTree = "<group>"; };
		BD8835F8267CC44C00D94E1D /* SelectCityTableViewCell.swift */ = {isa = PBXFileReference; lastKnownFileType = sourcecode.swift; path = SelectCityTableViewCell.swift; sourceTree = "<group>"; };
		BDA58FA3267C8DF800A32161 /* AboutAppPresenter.swift */ = {isa = PBXFileReference; lastKnownFileType = sourcecode.swift; path = AboutAppPresenter.swift; sourceTree = "<group>"; };
		BDA58FA5267C8E9800A32161 /* AboutAppViewController.swift */ = {isa = PBXFileReference; lastKnownFileType = sourcecode.swift; path = AboutAppViewController.swift; sourceTree = "<group>"; };
		BDA58FA7267C8EA700A32161 /* AboutAppView.swift */ = {isa = PBXFileReference; lastKnownFileType = sourcecode.swift; path = AboutAppView.swift; sourceTree = "<group>"; };
		BDA58FA9267C8EBC00A32161 /* AboutAppConfigurator.swift */ = {isa = PBXFileReference; lastKnownFileType = sourcecode.swift; path = AboutAppConfigurator.swift; sourceTree = "<group>"; };
		BDAC954F2662882000216B35 /* ProfilePresenter.swift */ = {isa = PBXFileReference; lastKnownFileType = sourcecode.swift; path = ProfilePresenter.swift; sourceTree = "<group>"; };
		BDAC95552662883300216B35 /* ProfileViewController.swift */ = {isa = PBXFileReference; lastKnownFileType = sourcecode.swift; path = ProfileViewController.swift; sourceTree = "<group>"; };
		BDAC95592662883C00216B35 /* ProfileView.swift */ = {isa = PBXFileReference; lastKnownFileType = sourcecode.swift; path = ProfileView.swift; sourceTree = "<group>"; };
		BDAC955D2662884A00216B35 /* ProfileConfigurator.swift */ = {isa = PBXFileReference; lastKnownFileType = sourcecode.swift; path = ProfileConfigurator.swift; sourceTree = "<group>"; };
		BDAC95612662A09D00216B35 /* DefaultButton.swift */ = {isa = PBXFileReference; lastKnownFileType = sourcecode.swift; path = DefaultButton.swift; sourceTree = "<group>"; };
		BDAC95652662A8F100216B35 /* ProfileResponse.swift */ = {isa = PBXFileReference; lastKnownFileType = sourcecode.swift; path = ProfileResponse.swift; sourceTree = "<group>"; };
		BDAC95692662B21F00216B35 /* ProfileCollectionViewCell.swift */ = {isa = PBXFileReference; lastKnownFileType = sourcecode.swift; path = ProfileCollectionViewCell.swift; sourceTree = "<group>"; };
		BDAC956D2662E67600216B35 /* ProfileHeaderCollectionReusableView.swift */ = {isa = PBXFileReference; lastKnownFileType = sourcecode.swift; path = ProfileHeaderCollectionReusableView.swift; sourceTree = "<group>"; };
		BDAC95742663D1A600216B35 /* ProfileSettingsPresenter.swift */ = {isa = PBXFileReference; lastKnownFileType = sourcecode.swift; path = ProfileSettingsPresenter.swift; sourceTree = "<group>"; };
		BDAC957A2663D1B300216B35 /* ProfileSettingsViewController.swift */ = {isa = PBXFileReference; lastKnownFileType = sourcecode.swift; path = ProfileSettingsViewController.swift; sourceTree = "<group>"; };
		BDAC957E2663D1BB00216B35 /* ProfileSettingsView.swift */ = {isa = PBXFileReference; lastKnownFileType = sourcecode.swift; path = ProfileSettingsView.swift; sourceTree = "<group>"; };
		BDAC95822663D1C500216B35 /* ProfileSettingsConfigurator.swift */ = {isa = PBXFileReference; lastKnownFileType = sourcecode.swift; path = ProfileSettingsConfigurator.swift; sourceTree = "<group>"; };
		BDCBA973264B121500D894D1 /* UIImageExtensions.swift */ = {isa = PBXFileReference; lastKnownFileType = sourcecode.swift; path = UIImageExtensions.swift; sourceTree = "<group>"; };
		BDCBA977264B160F00D894D1 /* UIColorExtensions.swift */ = {isa = PBXFileReference; lastKnownFileType = sourcecode.swift; path = UIColorExtensions.swift; sourceTree = "<group>"; };
		C72C9F7325F988FA00A0A6F5 /* ChallengesViewController.swift */ = {isa = PBXFileReference; lastKnownFileType = sourcecode.swift; path = ChallengesViewController.swift; sourceTree = "<group>"; };
		C72C9F7925F9891900A0A6F5 /* ChallengesView.swift */ = {isa = PBXFileReference; lastKnownFileType = sourcecode.swift; path = ChallengesView.swift; sourceTree = "<group>"; };
		C72C9F7D25F98F9100A0A6F5 /* ChallengeInfoTableViewCell.swift */ = {isa = PBXFileReference; lastKnownFileType = sourcecode.swift; path = ChallengeInfoTableViewCell.swift; sourceTree = "<group>"; };
		C75548D325FAA2D000D0D9BE /* ChallengeArrowTableViewCell.swift */ = {isa = PBXFileReference; lastKnownFileType = sourcecode.swift; path = ChallengeArrowTableViewCell.swift; sourceTree = "<group>"; };
		C75548D725FAB49700D0D9BE /* ChallengeHeaderView.swift */ = {isa = PBXFileReference; lastKnownFileType = sourcecode.swift; path = ChallengeHeaderView.swift; sourceTree = "<group>"; };
		C75548DE25FAC46100D0D9BE /* ChallengesDetailViewController.swift */ = {isa = PBXFileReference; lastKnownFileType = sourcecode.swift; path = ChallengesDetailViewController.swift; sourceTree = "<group>"; };
		C75548E225FAC48900D0D9BE /* ChallengesDetailView.swift */ = {isa = PBXFileReference; lastKnownFileType = sourcecode.swift; path = ChallengesDetailView.swift; sourceTree = "<group>"; };
		C75548E625FAC98400D0D9BE /* ChallengesDetailTableViewCell.swift */ = {isa = PBXFileReference; lastKnownFileType = sourcecode.swift; path = ChallengesDetailTableViewCell.swift; sourceTree = "<group>"; };
		C75548ED25FAE23200D0D9BE /* ChallengeDetailInfoViewController.swift */ = {isa = PBXFileReference; lastKnownFileType = sourcecode.swift; path = ChallengeDetailInfoViewController.swift; sourceTree = "<group>"; };
		C75548F125FAE24E00D0D9BE /* ChallengeDetailInfoView.swift */ = {isa = PBXFileReference; lastKnownFileType = sourcecode.swift; path = ChallengeDetailInfoView.swift; sourceTree = "<group>"; };
		C75548F625FAEBA800D0D9BE /* AboutChallengeViewController.swift */ = {isa = PBXFileReference; lastKnownFileType = sourcecode.swift; path = AboutChallengeViewController.swift; sourceTree = "<group>"; };
		C75548FA25FAEBBB00D0D9BE /* AboutChallengeView.swift */ = {isa = PBXFileReference; lastKnownFileType = sourcecode.swift; path = AboutChallengeView.swift; sourceTree = "<group>"; };
		C7A31AB625EBA6C3008D5E20 /* CameraViewController.swift */ = {isa = PBXFileReference; lastKnownFileType = sourcecode.swift; path = CameraViewController.swift; sourceTree = "<group>"; };
		C7A31ABC25EBA8D4008D5E20 /* CameraEngine.swift */ = {isa = PBXFileReference; lastKnownFileType = sourcecode.swift; path = CameraEngine.swift; sourceTree = "<group>"; };
		C7A31AC025EBA938008D5E20 /* PreviewMetalView.swift */ = {isa = PBXFileReference; lastKnownFileType = sourcecode.swift; path = PreviewMetalView.swift; sourceTree = "<group>"; };
		C7A31AC425EBAA2B008D5E20 /* TapticHelper.swift */ = {isa = PBXFileReference; lastKnownFileType = sourcecode.swift; path = TapticHelper.swift; sourceTree = "<group>"; };
		C7A31ACB25EBB4DD008D5E20 /* PassThrough.metal */ = {isa = PBXFileReference; fileEncoding = 4; lastKnownFileType = sourcecode.metal; name = PassThrough.metal; path = "Globe Us/PassThrough.metal"; sourceTree = SOURCE_ROOT; };
		C7A31ACF25EBB6FC008D5E20 /* CameraActionViewController.swift */ = {isa = PBXFileReference; lastKnownFileType = sourcecode.swift; path = CameraActionViewController.swift; sourceTree = "<group>"; };
		C7D62D2725ED06730021E642 /* WorkModeCollectionViewCell.swift */ = {isa = PBXFileReference; lastKnownFileType = sourcecode.swift; path = WorkModeCollectionViewCell.swift; sourceTree = "<group>"; };
		C7FB9ABF25EBD5530010CD2C /* Globe Us.entitlements */ = {isa = PBXFileReference; lastKnownFileType = text.plist.entitlements; path = "Globe Us.entitlements"; sourceTree = "<group>"; };
		C7FB9AC325EC05AC0010CD2C /* ViewControllerExtensions.swift */ = {isa = PBXFileReference; lastKnownFileType = sourcecode.swift; path = ViewControllerExtensions.swift; sourceTree = "<group>"; };
		C7FB9AC725EC05F40010CD2C /* UIViewExtensions.swift */ = {isa = PBXFileReference; lastKnownFileType = sourcecode.swift; path = UIViewExtensions.swift; sourceTree = "<group>"; };
		C7FB9ACB25EC09690010CD2C /* StickersCollectionViewCell.swift */ = {isa = PBXFileReference; lastKnownFileType = sourcecode.swift; path = StickersCollectionViewCell.swift; sourceTree = "<group>"; };
		C7FB9AD225EC11630010CD2C /* AbstractRequestRouter.swift */ = {isa = PBXFileReference; fileEncoding = 4; lastKnownFileType = sourcecode.swift; path = AbstractRequestRouter.swift; sourceTree = "<group>"; };
		C7FB9ADF25EC13C90010CD2C /* MainRequestRouter.swift */ = {isa = PBXFileReference; lastKnownFileType = sourcecode.swift; path = MainRequestRouter.swift; sourceTree = "<group>"; };
		C7FB9AE325EC158B0010CD2C /* MainRequestFactory.swift */ = {isa = PBXFileReference; fileEncoding = 4; lastKnownFileType = sourcecode.swift; path = MainRequestFactory.swift; sourceTree = "<group>"; };
		C7FB9AE425EC158B0010CD2C /* AbstractRequestFactory.swift */ = {isa = PBXFileReference; fileEncoding = 4; lastKnownFileType = sourcecode.swift; path = AbstractRequestFactory.swift; sourceTree = "<group>"; };
		C7FB9AE925EC159D0010CD2C /* RequestFactory.swift */ = {isa = PBXFileReference; fileEncoding = 4; lastKnownFileType = sourcecode.swift; path = RequestFactory.swift; sourceTree = "<group>"; };
		C7FB9AEA25EC159D0010CD2C /* SessionManagerFactory.swift */ = {isa = PBXFileReference; fileEncoding = 4; lastKnownFileType = sourcecode.swift; path = SessionManagerFactory.swift; sourceTree = "<group>"; };
		C7FB9AF425EC17250010CD2C /* CitiesResponse.swift */ = {isa = PBXFileReference; lastKnownFileType = sourcecode.swift; path = CitiesResponse.swift; sourceTree = "<group>"; };
		C7FB9AF825EC188D0010CD2C /* NetworkError.swift */ = {isa = PBXFileReference; fileEncoding = 4; lastKnownFileType = sourcecode.swift; path = NetworkError.swift; sourceTree = "<group>"; };
		C7FB9AFE25EC195A0010CD2C /* CitiesService.swift */ = {isa = PBXFileReference; lastKnownFileType = sourcecode.swift; path = CitiesService.swift; sourceTree = "<group>"; };
		C7FB9B0425EC23310010CD2C /* SafeCollection.swift */ = {isa = PBXFileReference; lastKnownFileType = sourcecode.swift; path = SafeCollection.swift; sourceTree = "<group>"; };
		C7FB9B0825EC23E00010CD2C /* UIImageViewDownloader.swift */ = {isa = PBXFileReference; lastKnownFileType = sourcecode.swift; path = UIImageViewDownloader.swift; sourceTree = "<group>"; };
		CFACDD1FC4752969D98611E4 /* Pods-Globe Us.debug.xcconfig */ = {isa = PBXFileReference; includeInIndex = 1; lastKnownFileType = text.xcconfig; name = "Pods-Globe Us.debug.xcconfig"; path = "Target Support Files/Pods-Globe Us/Pods-Globe Us.debug.xcconfig"; sourceTree = "<group>"; };
		DF9A6CB1E0022AD8DFA30E8F /* Pods-Globe UsTests.debug.xcconfig */ = {isa = PBXFileReference; includeInIndex = 1; lastKnownFileType = text.xcconfig; name = "Pods-Globe UsTests.debug.xcconfig"; path = "Target Support Files/Pods-Globe UsTests/Pods-Globe UsTests.debug.xcconfig"; sourceTree = "<group>"; };
/* End PBXFileReference section */

/* Begin PBXFrameworksBuildPhase section */
		0517B02124BA473C00008884 /* Frameworks */ = {
			isa = PBXFrameworksBuildPhase;
			buildActionMask = 2147483647;
			files = (
				BD82299B26503C96000B286E /* AuthenticationServices.framework in Frameworks */,
				0521CAEF24BBC794008BB178 /* Pods_Globe_Us.framework in Frameworks */,
				BD82299126503B6F000B286E /* AudioToolbox.framework in Frameworks */,
			);
			runOnlyForDeploymentPostprocessing = 0;
		};
		0517B03724BA474200008884 /* Frameworks */ = {
			isa = PBXFrameworksBuildPhase;
			buildActionMask = 2147483647;
			files = (
				CA23F5FF38ECCB4C19B92BF0 /* Pods_Globe_UsTests.framework in Frameworks */,
			);
			runOnlyForDeploymentPostprocessing = 0;
		};
		0517B04224BA474200008884 /* Frameworks */ = {
			isa = PBXFrameworksBuildPhase;
			buildActionMask = 2147483647;
			files = (
				C8FCBA1C6AD3D2290FED5956 /* Pods_Globe_Us_Globe_UsUITests.framework in Frameworks */,
			);
			runOnlyForDeploymentPostprocessing = 0;
		};
/* End PBXFrameworksBuildPhase section */

/* Begin PBXGroup section */
		017370BB86324BCAF466CA00 /* Frameworks */ = {
			isa = PBXGroup;
			children = (
				BD82299A26503C96000B286E /* AuthenticationServices.framework */,
				BD82299026503B6F000B286E /* AudioToolbox.framework */,
				0521CAEB24BBC75C008BB178 /* SnapKit.framework */,
				8964DCD05CB9F3D8DD4CDC14 /* Pods_Globe_Us.framework */,
				3C46A13AB7DD04E7EBAA37DD /* Pods_Globe_Us_Globe_UsUITests.framework */,
				42FBFE3ABF433B2D0AFBDBA8 /* Pods_Globe_UsTests.framework */,
			);
			name = Frameworks;
			sourceTree = "<group>";
		};
		0517B01B24BA473C00008884 = {
			isa = PBXGroup;
			children = (
				0517B02624BA473C00008884 /* Globe Us */,
				0517B03D24BA474200008884 /* Globe UsTests */,
				0517B04824BA474200008884 /* Globe UsUITests */,
				0517B02524BA473C00008884 /* Products */,
				7B5FF62AB95550E621320B4D /* Pods */,
				017370BB86324BCAF466CA00 /* Frameworks */,
			);
			sourceTree = "<group>";
		};
		0517B02524BA473C00008884 /* Products */ = {
			isa = PBXGroup;
			children = (
				0517B02424BA473C00008884 /* Globe Us.app */,
				0517B03A24BA474200008884 /* Globe UsTests.xctest */,
				0517B04524BA474200008884 /* Globe UsUITests.xctest */,
			);
			name = Products;
			sourceTree = "<group>";
		};
		0517B02624BA473C00008884 /* Globe Us */ = {
			isa = PBXGroup;
			children = (
				BD2D3224264B1F1E008489BF /* Core */,
				C7FB9AF325EC17010010CD2C /* Models */,
				BD2D9B852677709E0082BC1A /* Database */,
				C7FB9ACF25EC0FCB0010CD2C /* Network */,
				C7FB9AC225EC05920010CD2C /* Extensions */,
				C7FB9ABF25EBD5530010CD2C /* Globe Us.entitlements */,
				C72C9F7225F988D700A0A6F5 /* Challenge */,
				C7A31AB525EBA69C008D5E20 /* Camera */,
				0521CADD24BBADD5008BB178 /* Controllers */,
				052B1E4724C39B8F0068B701 /* Authorization */,
				BD8229CD265116DE000B286E /* Registration */,
				BDAC954E266287FC00216B35 /* Profile */,
				0521CAE024BBB0C1008BB178 /* Main */,
				0517B03024BA474100008884 /* Assets.xcassets */,
				0517B03224BA474100008884 /* LaunchScreen.storyboard */,
				0517B03524BA474100008884 /* Info.plist */,
				BD8229AA26504236000B286E /* GoogleService-Info.plist */,
				0521CADB24BBADC7008BB178 /* LaunchScreenViewController.swift */,
			);
			path = "Globe Us";
			sourceTree = "<group>";
		};
		0517B03D24BA474200008884 /* Globe UsTests */ = {
			isa = PBXGroup;
			children = (
				0517B03E24BA474200008884 /* Globe_UsTests.swift */,
				0517B04024BA474200008884 /* Info.plist */,
			);
			path = "Globe UsTests";
			sourceTree = "<group>";
		};
		0517B04824BA474200008884 /* Globe UsUITests */ = {
			isa = PBXGroup;
			children = (
				0517B04924BA474200008884 /* Globe_UsUITests.swift */,
				0517B04B24BA474200008884 /* Info.plist */,
			);
			path = "Globe UsUITests";
			sourceTree = "<group>";
		};
		0521CADD24BBADD5008BB178 /* Controllers */ = {
			isa = PBXGroup;
			children = (
				0517B02724BA473C00008884 /* AppDelegate.swift */,
				0517B02924BA473C00008884 /* SceneDelegate.swift */,
				0521CADE24BBADFC008BB178 /* AppController.swift */,
				0521CAF224BBDAED008BB178 /* CameraController.swift */,
				051D060324BE0EC400E61520 /* AccelerometerOrientation.swift */,
			);
			path = Controllers;
			sourceTree = "<group>";
		};
		0521CAE024BBB0C1008BB178 /* Main */ = {
			isa = PBXGroup;
			children = (
				0521CAE124BBB0DA008BB178 /* MainPresenter.swift */,
				0521CAE224BBB0DA008BB178 /* MainViewController.swift */,
				0521CAE324BBB0DA008BB178 /* MainView.swift */,
				0521CAE424BBB0DA008BB178 /* MainConfigurator.swift */,
				0521CAF424BBE0E9008BB178 /* PreviewView.swift */,
			);
			path = Main;
			sourceTree = "<group>";
		};
		052B1E4724C39B8F0068B701 /* Authorization */ = {
			isa = PBXGroup;
			children = (
				052B1E4824C39C030068B701 /* AuthorizationPresenter.swift */,
				052B1E4924C39C030068B701 /* AuthorizationViewController.swift */,
				052B1E4A24C39C030068B701 /* AuthorizationView.swift */,
				052B1E4B24C39C030068B701 /* AuthorizationConfigurator.swift */,
			);
			path = Authorization;
			sourceTree = "<group>";
		};
		7B5FF62AB95550E621320B4D /* Pods */ = {
			isa = PBXGroup;
			children = (
				CFACDD1FC4752969D98611E4 /* Pods-Globe Us.debug.xcconfig */,
				87B8CCC842DB471D11D8D71B /* Pods-Globe Us.release.xcconfig */,
				33BC249C115990C343359DB3 /* Pods-Globe Us-Globe UsUITests.debug.xcconfig */,
				0AF799E7D1CC1056A70FCE75 /* Pods-Globe Us-Globe UsUITests.release.xcconfig */,
				DF9A6CB1E0022AD8DFA30E8F /* Pods-Globe UsTests.debug.xcconfig */,
				629F2DFE4206F374FB93EA1B /* Pods-Globe UsTests.release.xcconfig */,
			);
			path = Pods;
			sourceTree = "<group>";
		};
		BD2D3224264B1F1E008489BF /* Core */ = {
			isa = PBXGroup;
			children = (
				BD2D3225264B1F32008489BF /* KeyboardObserver.swift */,
				BDAC95612662A09D00216B35 /* DefaultButton.swift */,
				BD2D9B722674B9090082BC1A /* RadioButton.swift */,
			);
			path = Core;
			sourceTree = "<group>";
		};
		BD2D9B762675FAB20082BC1A /* Settings */ = {
			isa = PBXGroup;
			children = (
				BD8835EE267CC32E00D94E1D /* SelectCity */,
				BDA58FA2267C8DCF00A32161 /* AboutApp */,
				BD2D9B8A26777ED40082BC1A /* Cells */,
				BD2D9B772675FAE00082BC1A /* SettingsPresenter.swift */,
				BD2D9B792675FAFA0082BC1A /* SettingsViewController.swift */,
				BD2D9B7B2675FB070082BC1A /* SettingsView.swift */,
				BD2D9B7D2675FB180082BC1A /* SettingsConfigurator.swift */,
			);
			path = Settings;
			sourceTree = "<group>";
		};
		BD2D9B852677709E0082BC1A /* Database */ = {
			isa = PBXGroup;
			children = (
				BD2D9B86267770B00082BC1A /* SettingsService.swift */,
				BD2D9B88267770C90082BC1A /* RealmService.swift */,
			);
			path = Database;
			sourceTree = "<group>";
		};
		BD2D9B8A26777ED40082BC1A /* Cells */ = {
			isa = PBXGroup;
			children = (
				BD2D9B8B26777EF80082BC1A /* SettingsCityCollectionViewCell.swift */,
			);
			path = Cells;
			sourceTree = "<group>";
		};
		BD8229CD265116DE000B286E /* Registration */ = {
			isa = PBXGroup;
			children = (
				BD8229E02651173D000B286E /* RegistrationPresenter.swift */,
				BD8229D82651172F000B286E /* RegistrationViewController.swift */,
				BD8229D42651171C000B286E /* RegistrationView.swift */,
				BD8229CE26511708000B286E /* RegistrationConfigurator.swift */,
			);
			path = Registration;
			sourceTree = "<group>";
		};
		BD8835E9267CA0E600D94E1D /* Cells */ = {
			isa = PBXGroup;
			children = (
				BD8835EA267CA0FC00D94E1D /* AboutAppTableViewCell.swift */,
			);
			path = Cells;
			sourceTree = "<group>";
		};
		BD8835EE267CC32E00D94E1D /* SelectCity */ = {
			isa = PBXGroup;
			children = (
				BD8835F7267CC44000D94E1D /* Cells */,
				BD8835EF267CC34400D94E1D /* SelectCityPresenter.swift */,
				BD8835F1267CC35100D94E1D /* SelectCityViewController.swift */,
				BD8835F3267CC35E00D94E1D /* SelectCityView.swift */,
				BD8835F5267CC37000D94E1D /* SelectCityConfigurator.swift */,
			);
			path = SelectCity;
			sourceTree = "<group>";
		};
		BD8835F7267CC44000D94E1D /* Cells */ = {
			isa = PBXGroup;
			children = (
				BD8835F8267CC44C00D94E1D /* SelectCityTableViewCell.swift */,
			);
			path = Cells;
			sourceTree = "<group>";
		};
		BDA58FA2267C8DCF00A32161 /* AboutApp */ = {
			isa = PBXGroup;
			children = (
				BD8835E9267CA0E600D94E1D /* Cells */,
				BDA58FA3267C8DF800A32161 /* AboutAppPresenter.swift */,
				BDA58FA5267C8E9800A32161 /* AboutAppViewController.swift */,
				BDA58FA7267C8EA700A32161 /* AboutAppView.swift */,
				BDA58FA9267C8EBC00A32161 /* AboutAppConfigurator.swift */,
			);
			path = AboutApp;
			sourceTree = "<group>";
		};
		BDAC954E266287FC00216B35 /* Profile */ = {
			isa = PBXGroup;
			children = (
				BDAC95732663D18700216B35 /* ProfileSettings */,
				BD2D9B762675FAB20082BC1A /* Settings */,
				BDAC954F2662882000216B35 /* ProfilePresenter.swift */,
				BDAC95552662883300216B35 /* ProfileViewController.swift */,
				BDAC95592662883C00216B35 /* ProfileView.swift */,
				BDAC955D2662884A00216B35 /* ProfileConfigurator.swift */,
				BDAC956D2662E67600216B35 /* ProfileHeaderCollectionReusableView.swift */,
				BDAC95692662B21F00216B35 /* ProfileCollectionViewCell.swift */,
			);
			path = Profile;
			sourceTree = "<group>";
		};
		BDAC95732663D18700216B35 /* ProfileSettings */ = {
			isa = PBXGroup;
			children = (
				BDAC95742663D1A600216B35 /* ProfileSettingsPresenter.swift */,
				BDAC957A2663D1B300216B35 /* ProfileSettingsViewController.swift */,
				BDAC957E2663D1BB00216B35 /* ProfileSettingsView.swift */,
				BDAC95822663D1C500216B35 /* ProfileSettingsConfigurator.swift */,
			);
			path = ProfileSettings;
			sourceTree = "<group>";
		};
		C72C9F7225F988D700A0A6F5 /* Challenge */ = {
			isa = PBXGroup;
			children = (
				C75548F525FAEB8F00D0D9BE /* About */,
				C75548EC25FAE21000D0D9BE /* Detail */,
				C75548DD25FAC44100D0D9BE /* Detail List */,
				C72C9F7325F988FA00A0A6F5 /* ChallengesViewController.swift */,
				C72C9F7925F9891900A0A6F5 /* ChallengesView.swift */,
				C72C9F7D25F98F9100A0A6F5 /* ChallengeInfoTableViewCell.swift */,
				C75548D325FAA2D000D0D9BE /* ChallengeArrowTableViewCell.swift */,
				C75548D725FAB49700D0D9BE /* ChallengeHeaderView.swift */,
			);
			path = Challenge;
			sourceTree = "<group>";
		};
		C75548DD25FAC44100D0D9BE /* Detail List */ = {
			isa = PBXGroup;
			children = (
				C75548DE25FAC46100D0D9BE /* ChallengesDetailViewController.swift */,
				C75548E225FAC48900D0D9BE /* ChallengesDetailView.swift */,
				C75548E625FAC98400D0D9BE /* ChallengesDetailTableViewCell.swift */,
			);
			path = "Detail List";
			sourceTree = "<group>";
		};
		C75548EC25FAE21000D0D9BE /* Detail */ = {
			isa = PBXGroup;
			children = (
				C75548ED25FAE23200D0D9BE /* ChallengeDetailInfoViewController.swift */,
				C75548F125FAE24E00D0D9BE /* ChallengeDetailInfoView.swift */,
			);
			path = Detail;
			sourceTree = "<group>";
		};
		C75548F525FAEB8F00D0D9BE /* About */ = {
			isa = PBXGroup;
			children = (
				C75548F625FAEBA800D0D9BE /* AboutChallengeViewController.swift */,
				C75548FA25FAEBBB00D0D9BE /* AboutChallengeView.swift */,
			);
			path = About;
			sourceTree = "<group>";
		};
		C7A31AB525EBA69C008D5E20 /* Camera */ = {
			isa = PBXGroup;
			children = (
				C7A31AC825EBAB0D008D5E20 /* Helpers */,
				C7A31AB625EBA6C3008D5E20 /* CameraViewController.swift */,
				C7A31ACF25EBB6FC008D5E20 /* CameraActionViewController.swift */,
				2398F5A3371410C1773E385B /* ShutterButtonViewController.swift */,
				C7FB9ACB25EC09690010CD2C /* StickersCollectionViewCell.swift */,
				C7D62D2725ED06730021E642 /* WorkModeCollectionViewCell.swift */,
				2398FAA97653EC51C3C97A16 /* ChallengeInfoView.swift */,
			);
			path = Camera;
			sourceTree = "<group>";
		};
		C7A31AC825EBAB0D008D5E20 /* Helpers */ = {
			isa = PBXGroup;
			children = (
				C7A31AC425EBAA2B008D5E20 /* TapticHelper.swift */,
				C7A31AC025EBA938008D5E20 /* PreviewMetalView.swift */,
				C7A31ACB25EBB4DD008D5E20 /* PassThrough.metal */,
				C7A31ABC25EBA8D4008D5E20 /* CameraEngine.swift */,
				2398F87DF879B1B9DE892350 /* DataEngine.swift */,
				2398FEE3B0DAA87F648F8A23 /* Photo.swift */,
			);
			path = Helpers;
			sourceTree = "<group>";
		};
		C7FB9AC225EC05920010CD2C /* Extensions */ = {
			isa = PBXGroup;
			children = (
				C7FB9AC325EC05AC0010CD2C /* ViewControllerExtensions.swift */,
				C7FB9AC725EC05F40010CD2C /* UIViewExtensions.swift */,
				C7FB9B0425EC23310010CD2C /* SafeCollection.swift */,
				C7FB9B0825EC23E00010CD2C /* UIImageViewDownloader.swift */,
				BDCBA973264B121500D894D1 /* UIImageExtensions.swift */,
				BDCBA977264B160F00D894D1 /* UIColorExtensions.swift */,
			);
			path = Extensions;
			sourceTree = "<group>";
		};
		C7FB9ACF25EC0FCB0010CD2C /* Network */ = {
			isa = PBXGroup;
			children = (
				BD8229802650308D000B286E /* AuthService.swift */,
				C7FB9AFE25EC195A0010CD2C /* CitiesService.swift */,
				BD2D9B742674D5CF0082BC1A /* ProfileService.swift */,
				C7FB9AF825EC188D0010CD2C /* NetworkError.swift */,
				BD2D9B83267610A50082BC1A /* CountriesService.swift */,
				C7FB9AD125EC102A0010CD2C /* Request Router */,
				C7FB9AD025EC10180010CD2C /* Factory */,
			);
			path = Network;
			sourceTree = "<group>";
		};
		C7FB9AD025EC10180010CD2C /* Factory */ = {
			isa = PBXGroup;
			children = (
				C7FB9AE425EC158B0010CD2C /* AbstractRequestFactory.swift */,
				C7FB9AE325EC158B0010CD2C /* MainRequestFactory.swift */,
				C7FB9AE925EC159D0010CD2C /* RequestFactory.swift */,
				C7FB9AEA25EC159D0010CD2C /* SessionManagerFactory.swift */,
			);
			path = Factory;
			sourceTree = "<group>";
		};
		C7FB9AD125EC102A0010CD2C /* Request Router */ = {
			isa = PBXGroup;
			children = (
				C7FB9AD225EC11630010CD2C /* AbstractRequestRouter.swift */,
				C7FB9ADF25EC13C90010CD2C /* MainRequestRouter.swift */,
			);
			path = "Request Router";
			sourceTree = "<group>";
		};
		C7FB9AF325EC17010010CD2C /* Models */ = {
			isa = PBXGroup;
			children = (
				BD2D9B8126760D790082BC1A /* CountriesResponse.swift */,
				C7FB9AF425EC17250010CD2C /* CitiesResponse.swift */,
				BD82297C26502F6C000B286E /* AuthResponse.swift */,
				BD8229E626511C2F000B286E /* RegisterResponse.swift */,
				BDAC95652662A8F100216B35 /* ProfileResponse.swift */,
				BD2D9B7F2676040B0082BC1A /* SettingsEntity.swift */,
				BD8835EC267CBCC100D94E1D /* LoadedCityEntity.swift */,
			);
			path = Models;
			sourceTree = "<group>";
		};
/* End PBXGroup section */

/* Begin PBXNativeTarget section */
		0517B02324BA473C00008884 /* Globe Us */ = {
			isa = PBXNativeTarget;
			buildConfigurationList = 0517B04E24BA474200008884 /* Build configuration list for PBXNativeTarget "Globe Us" */;
			buildPhases = (
				928662CE14BA11DB9CAA9B71 /* [CP] Check Pods Manifest.lock */,
				0517B02024BA473C00008884 /* Sources */,
				0517B02124BA473C00008884 /* Frameworks */,
				0517B02224BA473C00008884 /* Resources */,
				0521CAF124BBC794008BB178 /* Embed Frameworks */,
				E31E149D66A85155CF7CBC55 /* [CP] Embed Pods Frameworks */,
				74938546947FB51F822B8E45 /* [CP] Copy Pods Resources */,
			);
			buildRules = (
			);
			dependencies = (
			);
			name = "Globe Us";
			productName = "Globe Us";
			productReference = 0517B02424BA473C00008884 /* Globe Us.app */;
			productType = "com.apple.product-type.application";
		};
		0517B03924BA474200008884 /* Globe UsTests */ = {
			isa = PBXNativeTarget;
			buildConfigurationList = 0517B05124BA474200008884 /* Build configuration list for PBXNativeTarget "Globe UsTests" */;
			buildPhases = (
				588C9759BBA9B49DFB81B89A /* [CP] Check Pods Manifest.lock */,
				0517B03624BA474200008884 /* Sources */,
				0517B03724BA474200008884 /* Frameworks */,
				0517B03824BA474200008884 /* Resources */,
			);
			buildRules = (
			);
			dependencies = (
				0517B03C24BA474200008884 /* PBXTargetDependency */,
			);
			name = "Globe UsTests";
			productName = "Globe UsTests";
			productReference = 0517B03A24BA474200008884 /* Globe UsTests.xctest */;
			productType = "com.apple.product-type.bundle.unit-test";
		};
		0517B04424BA474200008884 /* Globe UsUITests */ = {
			isa = PBXNativeTarget;
			buildConfigurationList = 0517B05424BA474200008884 /* Build configuration list for PBXNativeTarget "Globe UsUITests" */;
			buildPhases = (
				0063B186D18700577BEC46E9 /* [CP] Check Pods Manifest.lock */,
				0517B04124BA474200008884 /* Sources */,
				0517B04224BA474200008884 /* Frameworks */,
				0517B04324BA474200008884 /* Resources */,
				7702842D94964FA073F807CE /* [CP] Embed Pods Frameworks */,
				7BED3FC146ABE4CBD45B187E /* [CP] Copy Pods Resources */,
			);
			buildRules = (
			);
			dependencies = (
				0517B04724BA474200008884 /* PBXTargetDependency */,
			);
			name = "Globe UsUITests";
			productName = "Globe UsUITests";
			productReference = 0517B04524BA474200008884 /* Globe UsUITests.xctest */;
			productType = "com.apple.product-type.bundle.ui-testing";
		};
/* End PBXNativeTarget section */

/* Begin PBXProject section */
		0517B01C24BA473C00008884 /* Project object */ = {
			isa = PBXProject;
			attributes = {
				LastSwiftUpdateCheck = 1200;
				LastUpgradeCheck = 1200;
				TargetAttributes = {
					0517B02324BA473C00008884 = {
						CreatedOnToolsVersion = 12.0;
					};
					0517B03924BA474200008884 = {
						CreatedOnToolsVersion = 12.0;
						TestTargetID = 0517B02324BA473C00008884;
					};
					0517B04424BA474200008884 = {
						CreatedOnToolsVersion = 12.0;
						TestTargetID = 0517B02324BA473C00008884;
					};
				};
			};
			buildConfigurationList = 0517B01F24BA473C00008884 /* Build configuration list for PBXProject "Globe Us" */;
			compatibilityVersion = "Xcode 9.3";
			developmentRegion = en;
			hasScannedForEncodings = 0;
			knownRegions = (
				en,
				Base,
			);
			mainGroup = 0517B01B24BA473C00008884;
			productRefGroup = 0517B02524BA473C00008884 /* Products */;
			projectDirPath = "";
			projectRoot = "";
			targets = (
				0517B02324BA473C00008884 /* Globe Us */,
				0517B03924BA474200008884 /* Globe UsTests */,
				0517B04424BA474200008884 /* Globe UsUITests */,
			);
		};
/* End PBXProject section */

/* Begin PBXResourcesBuildPhase section */
		0517B02224BA473C00008884 /* Resources */ = {
			isa = PBXResourcesBuildPhase;
			buildActionMask = 2147483647;
			files = (
				0517B03424BA474100008884 /* LaunchScreen.storyboard in Resources */,
				0517B03124BA474100008884 /* Assets.xcassets in Resources */,
				BD8229AB26504236000B286E /* GoogleService-Info.plist in Resources */,
			);
			runOnlyForDeploymentPostprocessing = 0;
		};
		0517B03824BA474200008884 /* Resources */ = {
			isa = PBXResourcesBuildPhase;
			buildActionMask = 2147483647;
			files = (
			);
			runOnlyForDeploymentPostprocessing = 0;
		};
		0517B04324BA474200008884 /* Resources */ = {
			isa = PBXResourcesBuildPhase;
			buildActionMask = 2147483647;
			files = (
			);
			runOnlyForDeploymentPostprocessing = 0;
		};
/* End PBXResourcesBuildPhase section */

/* Begin PBXShellScriptBuildPhase section */
		0063B186D18700577BEC46E9 /* [CP] Check Pods Manifest.lock */ = {
			isa = PBXShellScriptBuildPhase;
			buildActionMask = 2147483647;
			files = (
			);
			inputFileListPaths = (
			);
			inputPaths = (
				"${PODS_PODFILE_DIR_PATH}/Podfile.lock",
				"${PODS_ROOT}/Manifest.lock",
			);
			name = "[CP] Check Pods Manifest.lock";
			outputFileListPaths = (
			);
			outputPaths = (
				"$(DERIVED_FILE_DIR)/Pods-Globe Us-Globe UsUITests-checkManifestLockResult.txt",
			);
			runOnlyForDeploymentPostprocessing = 0;
			shellPath = /bin/sh;
			shellScript = "diff \"${PODS_PODFILE_DIR_PATH}/Podfile.lock\" \"${PODS_ROOT}/Manifest.lock\" > /dev/null\nif [ $? != 0 ] ; then\n    # print error to STDERR\n    echo \"error: The sandbox is not in sync with the Podfile.lock. Run 'pod install' or update your CocoaPods installation.\" >&2\n    exit 1\nfi\n# This output is used by Xcode 'outputs' to avoid re-running this script phase.\necho \"SUCCESS\" > \"${SCRIPT_OUTPUT_FILE_0}\"\n";
			showEnvVarsInLog = 0;
		};
		588C9759BBA9B49DFB81B89A /* [CP] Check Pods Manifest.lock */ = {
			isa = PBXShellScriptBuildPhase;
			buildActionMask = 2147483647;
			files = (
			);
			inputFileListPaths = (
			);
			inputPaths = (
				"${PODS_PODFILE_DIR_PATH}/Podfile.lock",
				"${PODS_ROOT}/Manifest.lock",
			);
			name = "[CP] Check Pods Manifest.lock";
			outputFileListPaths = (
			);
			outputPaths = (
				"$(DERIVED_FILE_DIR)/Pods-Globe UsTests-checkManifestLockResult.txt",
			);
			runOnlyForDeploymentPostprocessing = 0;
			shellPath = /bin/sh;
			shellScript = "diff \"${PODS_PODFILE_DIR_PATH}/Podfile.lock\" \"${PODS_ROOT}/Manifest.lock\" > /dev/null\nif [ $? != 0 ] ; then\n    # print error to STDERR\n    echo \"error: The sandbox is not in sync with the Podfile.lock. Run 'pod install' or update your CocoaPods installation.\" >&2\n    exit 1\nfi\n# This output is used by Xcode 'outputs' to avoid re-running this script phase.\necho \"SUCCESS\" > \"${SCRIPT_OUTPUT_FILE_0}\"\n";
			showEnvVarsInLog = 0;
		};
		74938546947FB51F822B8E45 /* [CP] Copy Pods Resources */ = {
			isa = PBXShellScriptBuildPhase;
			buildActionMask = 2147483647;
			files = (
			);
			inputFileListPaths = (
				"${PODS_ROOT}/Target Support Files/Pods-Globe Us/Pods-Globe Us-resources-${CONFIGURATION}-input-files.xcfilelist",
			);
			name = "[CP] Copy Pods Resources";
			outputFileListPaths = (
				"${PODS_ROOT}/Target Support Files/Pods-Globe Us/Pods-Globe Us-resources-${CONFIGURATION}-output-files.xcfilelist",
			);
			runOnlyForDeploymentPostprocessing = 0;
			shellPath = /bin/sh;
			shellScript = "\"${PODS_ROOT}/Target Support Files/Pods-Globe Us/Pods-Globe Us-resources.sh\"\n";
			showEnvVarsInLog = 0;
		};
		7702842D94964FA073F807CE /* [CP] Embed Pods Frameworks */ = {
			isa = PBXShellScriptBuildPhase;
			buildActionMask = 2147483647;
			files = (
			);
			inputFileListPaths = (
				"${PODS_ROOT}/Target Support Files/Pods-Globe Us-Globe UsUITests/Pods-Globe Us-Globe UsUITests-frameworks-${CONFIGURATION}-input-files.xcfilelist",
			);
			name = "[CP] Embed Pods Frameworks";
			outputFileListPaths = (
				"${PODS_ROOT}/Target Support Files/Pods-Globe Us-Globe UsUITests/Pods-Globe Us-Globe UsUITests-frameworks-${CONFIGURATION}-output-files.xcfilelist",
			);
			runOnlyForDeploymentPostprocessing = 0;
			shellPath = /bin/sh;
			shellScript = "\"${PODS_ROOT}/Target Support Files/Pods-Globe Us-Globe UsUITests/Pods-Globe Us-Globe UsUITests-frameworks.sh\"\n";
			showEnvVarsInLog = 0;
		};
		7BED3FC146ABE4CBD45B187E /* [CP] Copy Pods Resources */ = {
			isa = PBXShellScriptBuildPhase;
			buildActionMask = 2147483647;
			files = (
			);
			inputFileListPaths = (
				"${PODS_ROOT}/Target Support Files/Pods-Globe Us-Globe UsUITests/Pods-Globe Us-Globe UsUITests-resources-${CONFIGURATION}-input-files.xcfilelist",
			);
			name = "[CP] Copy Pods Resources";
			outputFileListPaths = (
				"${PODS_ROOT}/Target Support Files/Pods-Globe Us-Globe UsUITests/Pods-Globe Us-Globe UsUITests-resources-${CONFIGURATION}-output-files.xcfilelist",
			);
			runOnlyForDeploymentPostprocessing = 0;
			shellPath = /bin/sh;
			shellScript = "\"${PODS_ROOT}/Target Support Files/Pods-Globe Us-Globe UsUITests/Pods-Globe Us-Globe UsUITests-resources.sh\"\n";
			showEnvVarsInLog = 0;
		};
		928662CE14BA11DB9CAA9B71 /* [CP] Check Pods Manifest.lock */ = {
			isa = PBXShellScriptBuildPhase;
			buildActionMask = 2147483647;
			files = (
			);
			inputFileListPaths = (
			);
			inputPaths = (
				"${PODS_PODFILE_DIR_PATH}/Podfile.lock",
				"${PODS_ROOT}/Manifest.lock",
			);
			name = "[CP] Check Pods Manifest.lock";
			outputFileListPaths = (
			);
			outputPaths = (
				"$(DERIVED_FILE_DIR)/Pods-Globe Us-checkManifestLockResult.txt",
			);
			runOnlyForDeploymentPostprocessing = 0;
			shellPath = /bin/sh;
			shellScript = "diff \"${PODS_PODFILE_DIR_PATH}/Podfile.lock\" \"${PODS_ROOT}/Manifest.lock\" > /dev/null\nif [ $? != 0 ] ; then\n    # print error to STDERR\n    echo \"error: The sandbox is not in sync with the Podfile.lock. Run 'pod install' or update your CocoaPods installation.\" >&2\n    exit 1\nfi\n# This output is used by Xcode 'outputs' to avoid re-running this script phase.\necho \"SUCCESS\" > \"${SCRIPT_OUTPUT_FILE_0}\"\n";
			showEnvVarsInLog = 0;
		};
		E31E149D66A85155CF7CBC55 /* [CP] Embed Pods Frameworks */ = {
			isa = PBXShellScriptBuildPhase;
			buildActionMask = 2147483647;
			files = (
			);
			inputFileListPaths = (
				"${PODS_ROOT}/Target Support Files/Pods-Globe Us/Pods-Globe Us-frameworks-${CONFIGURATION}-input-files.xcfilelist",
			);
			name = "[CP] Embed Pods Frameworks";
			outputFileListPaths = (
				"${PODS_ROOT}/Target Support Files/Pods-Globe Us/Pods-Globe Us-frameworks-${CONFIGURATION}-output-files.xcfilelist",
			);
			runOnlyForDeploymentPostprocessing = 0;
			shellPath = /bin/sh;
			shellScript = "\"${PODS_ROOT}/Target Support Files/Pods-Globe Us/Pods-Globe Us-frameworks.sh\"\n";
			showEnvVarsInLog = 0;
		};
/* End PBXShellScriptBuildPhase section */

/* Begin PBXSourcesBuildPhase section */
		0517B02024BA473C00008884 /* Sources */ = {
			isa = PBXSourcesBuildPhase;
			buildActionMask = 2147483647;
			files = (
				052B1E4C24C39C030068B701 /* AuthorizationPresenter.swift in Sources */,
				BD8835ED267CBCC100D94E1D /* LoadedCityEntity.swift in Sources */,
				C7FB9B0925EC23E00010CD2C /* UIImageViewDownloader.swift in Sources */,
				0521CAE524BBB0DA008BB178 /* MainPresenter.swift in Sources */,
				C75548D425FAA2D000D0D9BE /* ChallengeArrowTableViewCell.swift in Sources */,
				C7FB9AE525EC158B0010CD2C /* MainRequestFactory.swift in Sources */,
				C7FB9AF525EC17250010CD2C /* CitiesResponse.swift in Sources */,
				BDAC95562662883300216B35 /* ProfileViewController.swift in Sources */,
				BD8229812650308D000B286E /* AuthService.swift in Sources */,
				C7FB9AE625EC158B0010CD2C /* AbstractRequestFactory.swift in Sources */,
				C75548E325FAC48900D0D9BE /* ChallengesDetailView.swift in Sources */,
				BDAC955E2662884A00216B35 /* ProfileConfigurator.swift in Sources */,
				BD2D9B7C2675FB070082BC1A /* SettingsView.swift in Sources */,
				BDAC95832663D1C500216B35 /* ProfileSettingsConfigurator.swift in Sources */,
				0521CAE824BBB0DA008BB178 /* MainConfigurator.swift in Sources */,
				C7FB9AC425EC05AC0010CD2C /* ViewControllerExtensions.swift in Sources */,
				C75548E725FAC98400D0D9BE /* ChallengesDetailTableViewCell.swift in Sources */,
				BD2D9B8C26777EF80082BC1A /* SettingsCityCollectionViewCell.swift in Sources */,
				C7FB9AD325EC11630010CD2C /* AbstractRequestRouter.swift in Sources */,
				C7D62D2825ED06730021E642 /* WorkModeCollectionViewCell.swift in Sources */,
				BD2D9B802676040B0082BC1A /* SettingsEntity.swift in Sources */,
				C7A31AC125EBA938008D5E20 /* PreviewMetalView.swift in Sources */,
				BD8835F9267CC44C00D94E1D /* SelectCityTableViewCell.swift in Sources */,
				BD8229D52651171C000B286E /* RegistrationView.swift in Sources */,
				0521CAF524BBE0E9008BB178 /* PreviewView.swift in Sources */,
				C7A31ABD25EBA8D4008D5E20 /* CameraEngine.swift in Sources */,
				0521CAE724BBB0DA008BB178 /* MainView.swift in Sources */,
				BD8229E726511C2F000B286E /* RegisterResponse.swift in Sources */,
				BD2D9B7A2675FAFA0082BC1A /* SettingsViewController.swift in Sources */,
				052B1E4D24C39C030068B701 /* AuthorizationViewController.swift in Sources */,
				C72C9F7E25F98F9100A0A6F5 /* ChallengeInfoTableViewCell.swift in Sources */,
				C7FB9AEC25EC159D0010CD2C /* SessionManagerFactory.swift in Sources */,
				BDA58FAA267C8EBC00A32161 /* AboutAppConfigurator.swift in Sources */,
				0521CAF324BBDAED008BB178 /* CameraController.swift in Sources */,
				BDAC95752663D1A600216B35 /* ProfileSettingsPresenter.swift in Sources */,
				0517B02824BA473C00008884 /* AppDelegate.swift in Sources */,
				BDAC95622662A09D00216B35 /* DefaultButton.swift in Sources */,
				0521CADC24BBADC7008BB178 /* LaunchScreenViewController.swift in Sources */,
				BDAC955A2662883C00216B35 /* ProfileView.swift in Sources */,
				C7A31AC525EBAA2B008D5E20 /* TapticHelper.swift in Sources */,
				BD2D9B752674D5D00082BC1A /* ProfileService.swift in Sources */,
				C7FB9AEB25EC159D0010CD2C /* RequestFactory.swift in Sources */,
				0521CAE624BBB0DA008BB178 /* MainViewController.swift in Sources */,
				BD8835F4267CC35E00D94E1D /* SelectCityView.swift in Sources */,
				BD2D9B8226760D790082BC1A /* CountriesResponse.swift in Sources */,
				051D060424BE0EC400E61520 /* AccelerometerOrientation.swift in Sources */,
				BD8229E12651173D000B286E /* RegistrationPresenter.swift in Sources */,
				BDCBA978264B160F00D894D1 /* UIColorExtensions.swift in Sources */,
				BD2D9B7E2675FB180082BC1A /* SettingsConfigurator.swift in Sources */,
				C72C9F7425F988FA00A0A6F5 /* ChallengesViewController.swift in Sources */,
				BDA58FA8267C8EA700A32161 /* AboutAppView.swift in Sources */,
				C72C9F7A25F9891900A0A6F5 /* ChallengesView.swift in Sources */,
				0517B02A24BA473C00008884 /* SceneDelegate.swift in Sources */,
				C7FB9AC825EC05F40010CD2C /* UIViewExtensions.swift in Sources */,
				C7FB9ACC25EC09690010CD2C /* StickersCollectionViewCell.swift in Sources */,
				C75548FB25FAEBBB00D0D9BE /* AboutChallengeView.swift in Sources */,
				BDCBA974264B121500D894D1 /* UIImageExtensions.swift in Sources */,
				BD2D3226264B1F32008489BF /* KeyboardObserver.swift in Sources */,
				BDAC95662662A8F100216B35 /* ProfileResponse.swift in Sources */,
				052B1E4F24C39C030068B701 /* AuthorizationConfigurator.swift in Sources */,
				BD2D9B87267770B00082BC1A /* SettingsService.swift in Sources */,
				C7A31AB725EBA6C3008D5E20 /* CameraViewController.swift in Sources */,
				BD8835EB267CA0FC00D94E1D /* AboutAppTableViewCell.swift in Sources */,
				BD8835F2267CC35100D94E1D /* SelectCityViewController.swift in Sources */,
				C75548F725FAEBA800D0D9BE /* AboutChallengeViewController.swift in Sources */,
				C7A31AD025EBB6FC008D5E20 /* CameraActionViewController.swift in Sources */,
				052B1E4E24C39C030068B701 /* AuthorizationView.swift in Sources */,
				C7A31ACC25EBB4DD008D5E20 /* PassThrough.metal in Sources */,
				BD8835F6267CC37000D94E1D /* SelectCityConfigurator.swift in Sources */,
				C7FB9AF925EC188D0010CD2C /* NetworkError.swift in Sources */,
				BDAC956E2662E67600216B35 /* ProfileHeaderCollectionReusableView.swift in Sources */,
				0521CADF24BBADFC008BB178 /* AppController.swift in Sources */,
				BDAC957B2663D1B300216B35 /* ProfileSettingsViewController.swift in Sources */,
				2398F1CA0B1B391FCA8EE4A1 /* ShutterButtonViewController.swift in Sources */,
				BDA58FA6267C8E9800A32161 /* AboutAppViewController.swift in Sources */,
				BD2D9B84267610A50082BC1A /* CountriesService.swift in Sources */,
				BDA58FA4267C8DF800A32161 /* AboutAppPresenter.swift in Sources */,
				C7FB9AFF25EC195A0010CD2C /* CitiesService.swift in Sources */,
				BDAC956A2662B22000216B35 /* ProfileCollectionViewCell.swift in Sources */,
				BD82297D26502F6D000B286E /* AuthResponse.swift in Sources */,
				BD2D9B89267770C90082BC1A /* RealmService.swift in Sources */,
				BD2D9B782675FAE00082BC1A /* SettingsPresenter.swift in Sources */,
				BDAC957F2663D1BB00216B35 /* ProfileSettingsView.swift in Sources */,
				C75548D825FAB49700D0D9BE /* ChallengeHeaderView.swift in Sources */,
				C75548EE25FAE23200D0D9BE /* ChallengeDetailInfoViewController.swift in Sources */,
				C7FB9B0525EC23310010CD2C /* SafeCollection.swift in Sources */,
				2398F7342F36A48AFEDECA51 /* DataEngine.swift in Sources */,
				C75548F225FAE24E00D0D9BE /* ChallengeDetailInfoView.swift in Sources */,
				BD8229D92651172F000B286E /* RegistrationViewController.swift in Sources */,
				BD8229CF26511708000B286E /* RegistrationConfigurator.swift in Sources */,
				C7FB9AE025EC13C90010CD2C /* MainRequestRouter.swift in Sources */,
				BDAC95502662882000216B35 /* ProfilePresenter.swift in Sources */,
				C75548DF25FAC46100D0D9BE /* ChallengesDetailViewController.swift in Sources */,
				BD8835F0267CC34400D94E1D /* SelectCityPresenter.swift in Sources */,
				BD2D9B732674B9090082BC1A /* RadioButton.swift in Sources */,
				2398FC94704549997E8B3F9E /* Photo.swift in Sources */,
				2398F6CDA780662CF40BF311 /* ChallengeInfoView.swift in Sources */,
			);
			runOnlyForDeploymentPostprocessing = 0;
		};
		0517B03624BA474200008884 /* Sources */ = {
			isa = PBXSourcesBuildPhase;
			buildActionMask = 2147483647;
			files = (
				0517B03F24BA474200008884 /* Globe_UsTests.swift in Sources */,
			);
			runOnlyForDeploymentPostprocessing = 0;
		};
		0517B04124BA474200008884 /* Sources */ = {
			isa = PBXSourcesBuildPhase;
			buildActionMask = 2147483647;
			files = (
				0517B04A24BA474200008884 /* Globe_UsUITests.swift in Sources */,
			);
			runOnlyForDeploymentPostprocessing = 0;
		};
/* End PBXSourcesBuildPhase section */

/* Begin PBXTargetDependency section */
		0517B03C24BA474200008884 /* PBXTargetDependency */ = {
			isa = PBXTargetDependency;
			target = 0517B02324BA473C00008884 /* Globe Us */;
			targetProxy = 0517B03B24BA474200008884 /* PBXContainerItemProxy */;
		};
		0517B04724BA474200008884 /* PBXTargetDependency */ = {
			isa = PBXTargetDependency;
			target = 0517B02324BA473C00008884 /* Globe Us */;
			targetProxy = 0517B04624BA474200008884 /* PBXContainerItemProxy */;
		};
/* End PBXTargetDependency section */

/* Begin PBXVariantGroup section */
		0517B03224BA474100008884 /* LaunchScreen.storyboard */ = {
			isa = PBXVariantGroup;
			children = (
				0517B03324BA474100008884 /* Base */,
			);
			name = LaunchScreen.storyboard;
			sourceTree = "<group>";
		};
/* End PBXVariantGroup section */

/* Begin XCBuildConfiguration section */
		0517B04C24BA474200008884 /* Debug */ = {
			isa = XCBuildConfiguration;
			buildSettings = {
				ALWAYS_SEARCH_USER_PATHS = NO;
				CLANG_ANALYZER_NONNULL = YES;
				CLANG_ANALYZER_NUMBER_OBJECT_CONVERSION = YES_AGGRESSIVE;
				CLANG_CXX_LANGUAGE_STANDARD = "gnu++14";
				CLANG_CXX_LIBRARY = "libc++";
				CLANG_ENABLE_MODULES = YES;
				CLANG_ENABLE_OBJC_ARC = YES;
				CLANG_ENABLE_OBJC_WEAK = YES;
				CLANG_WARN_BLOCK_CAPTURE_AUTORELEASING = YES;
				CLANG_WARN_BOOL_CONVERSION = YES;
				CLANG_WARN_COMMA = YES;
				CLANG_WARN_CONSTANT_CONVERSION = YES;
				CLANG_WARN_DEPRECATED_OBJC_IMPLEMENTATIONS = YES;
				CLANG_WARN_DIRECT_OBJC_ISA_USAGE = YES_ERROR;
				CLANG_WARN_DOCUMENTATION_COMMENTS = YES;
				CLANG_WARN_EMPTY_BODY = YES;
				CLANG_WARN_ENUM_CONVERSION = YES;
				CLANG_WARN_INFINITE_RECURSION = YES;
				CLANG_WARN_INT_CONVERSION = YES;
				CLANG_WARN_NON_LITERAL_NULL_CONVERSION = YES;
				CLANG_WARN_OBJC_IMPLICIT_RETAIN_SELF = YES;
				CLANG_WARN_OBJC_LITERAL_CONVERSION = YES;
				CLANG_WARN_OBJC_ROOT_CLASS = YES_ERROR;
				CLANG_WARN_QUOTED_INCLUDE_IN_FRAMEWORK_HEADER = YES;
				CLANG_WARN_RANGE_LOOP_ANALYSIS = YES;
				CLANG_WARN_STRICT_PROTOTYPES = YES;
				CLANG_WARN_SUSPICIOUS_MOVE = YES;
				CLANG_WARN_UNGUARDED_AVAILABILITY = YES_AGGRESSIVE;
				CLANG_WARN_UNREACHABLE_CODE = YES;
				CLANG_WARN__DUPLICATE_METHOD_MATCH = YES;
				COPY_PHASE_STRIP = NO;
				DEBUG_INFORMATION_FORMAT = dwarf;
				ENABLE_STRICT_OBJC_MSGSEND = YES;
				ENABLE_TESTABILITY = YES;
				GCC_C_LANGUAGE_STANDARD = gnu11;
				GCC_DYNAMIC_NO_PIC = NO;
				GCC_NO_COMMON_BLOCKS = YES;
				GCC_OPTIMIZATION_LEVEL = 0;
				GCC_PREPROCESSOR_DEFINITIONS = (
					"DEBUG=1",
					"$(inherited)",
				);
				GCC_WARN_64_TO_32_BIT_CONVERSION = YES;
				GCC_WARN_ABOUT_RETURN_TYPE = YES_ERROR;
				GCC_WARN_UNDECLARED_SELECTOR = YES;
				GCC_WARN_UNINITIALIZED_AUTOS = YES_AGGRESSIVE;
				GCC_WARN_UNUSED_FUNCTION = YES;
				GCC_WARN_UNUSED_VARIABLE = YES;
				IPHONEOS_DEPLOYMENT_TARGET = 12.0;
				MTL_ENABLE_DEBUG_INFO = INCLUDE_SOURCE;
				MTL_FAST_MATH = YES;
				ONLY_ACTIVE_ARCH = YES;
				SDKROOT = iphoneos;
				SWIFT_ACTIVE_COMPILATION_CONDITIONS = DEBUG;
				SWIFT_OPTIMIZATION_LEVEL = "-Onone";
			};
			name = Debug;
		};
		0517B04D24BA474200008884 /* Release */ = {
			isa = XCBuildConfiguration;
			buildSettings = {
				ALWAYS_SEARCH_USER_PATHS = NO;
				CLANG_ANALYZER_NONNULL = YES;
				CLANG_ANALYZER_NUMBER_OBJECT_CONVERSION = YES_AGGRESSIVE;
				CLANG_CXX_LANGUAGE_STANDARD = "gnu++14";
				CLANG_CXX_LIBRARY = "libc++";
				CLANG_ENABLE_MODULES = YES;
				CLANG_ENABLE_OBJC_ARC = YES;
				CLANG_ENABLE_OBJC_WEAK = YES;
				CLANG_WARN_BLOCK_CAPTURE_AUTORELEASING = YES;
				CLANG_WARN_BOOL_CONVERSION = YES;
				CLANG_WARN_COMMA = YES;
				CLANG_WARN_CONSTANT_CONVERSION = YES;
				CLANG_WARN_DEPRECATED_OBJC_IMPLEMENTATIONS = YES;
				CLANG_WARN_DIRECT_OBJC_ISA_USAGE = YES_ERROR;
				CLANG_WARN_DOCUMENTATION_COMMENTS = YES;
				CLANG_WARN_EMPTY_BODY = YES;
				CLANG_WARN_ENUM_CONVERSION = YES;
				CLANG_WARN_INFINITE_RECURSION = YES;
				CLANG_WARN_INT_CONVERSION = YES;
				CLANG_WARN_NON_LITERAL_NULL_CONVERSION = YES;
				CLANG_WARN_OBJC_IMPLICIT_RETAIN_SELF = YES;
				CLANG_WARN_OBJC_LITERAL_CONVERSION = YES;
				CLANG_WARN_OBJC_ROOT_CLASS = YES_ERROR;
				CLANG_WARN_QUOTED_INCLUDE_IN_FRAMEWORK_HEADER = YES;
				CLANG_WARN_RANGE_LOOP_ANALYSIS = YES;
				CLANG_WARN_STRICT_PROTOTYPES = YES;
				CLANG_WARN_SUSPICIOUS_MOVE = YES;
				CLANG_WARN_UNGUARDED_AVAILABILITY = YES_AGGRESSIVE;
				CLANG_WARN_UNREACHABLE_CODE = YES;
				CLANG_WARN__DUPLICATE_METHOD_MATCH = YES;
				COPY_PHASE_STRIP = NO;
				DEBUG_INFORMATION_FORMAT = "dwarf-with-dsym";
				ENABLE_NS_ASSERTIONS = NO;
				ENABLE_STRICT_OBJC_MSGSEND = YES;
				GCC_C_LANGUAGE_STANDARD = gnu11;
				GCC_NO_COMMON_BLOCKS = YES;
				GCC_WARN_64_TO_32_BIT_CONVERSION = YES;
				GCC_WARN_ABOUT_RETURN_TYPE = YES_ERROR;
				GCC_WARN_UNDECLARED_SELECTOR = YES;
				GCC_WARN_UNINITIALIZED_AUTOS = YES_AGGRESSIVE;
				GCC_WARN_UNUSED_FUNCTION = YES;
				GCC_WARN_UNUSED_VARIABLE = YES;
				IPHONEOS_DEPLOYMENT_TARGET = 12.0;
				MTL_ENABLE_DEBUG_INFO = NO;
				MTL_FAST_MATH = YES;
				SDKROOT = iphoneos;
				SWIFT_COMPILATION_MODE = wholemodule;
				SWIFT_OPTIMIZATION_LEVEL = "-O";
				VALIDATE_PRODUCT = YES;
			};
			name = Release;
		};
		0517B04F24BA474200008884 /* Debug */ = {
			isa = XCBuildConfiguration;
			baseConfigurationReference = CFACDD1FC4752969D98611E4 /* Pods-Globe Us.debug.xcconfig */;
			buildSettings = {
				ASSETCATALOG_COMPILER_APPICON_NAME = AppIcon;
				ASSETCATALOG_COMPILER_GLOBAL_ACCENT_COLOR_NAME = AccentColor;
				CODE_SIGN_ENTITLEMENTS = "Globe Us/Globe Us.entitlements";
				CODE_SIGN_IDENTITY = "Apple Development";
				CODE_SIGN_STYLE = Automatic;
				DEVELOPMENT_TEAM = Y7ZA9R3ULH;
				INFOPLIST_FILE = "Globe Us/Info.plist";
				IPHONEOS_DEPLOYMENT_TARGET = 13.0;
				LD_RUNPATH_SEARCH_PATHS = (
					"$(inherited)",
					"@executable_path/Frameworks",
				);
				PRODUCT_BUNDLE_IDENTIFIER = "k.razhanov.Globe-Us";
				PRODUCT_NAME = "$(TARGET_NAME)";
				PROVISIONING_PROFILE_SPECIFIER = "";
				SWIFT_VERSION = 5.0;
				TARGETED_DEVICE_FAMILY = "1,2";
			};
			name = Debug;
		};
		0517B05024BA474200008884 /* Release */ = {
			isa = XCBuildConfiguration;
			baseConfigurationReference = 87B8CCC842DB471D11D8D71B /* Pods-Globe Us.release.xcconfig */;
			buildSettings = {
				ASSETCATALOG_COMPILER_APPICON_NAME = AppIcon;
				ASSETCATALOG_COMPILER_GLOBAL_ACCENT_COLOR_NAME = AccentColor;
				CODE_SIGN_ENTITLEMENTS = "Globe Us/Globe Us.entitlements";
				CODE_SIGN_IDENTITY = "Apple Development";
				CODE_SIGN_STYLE = Automatic;
				DEVELOPMENT_TEAM = Y7ZA9R3ULH;
				INFOPLIST_FILE = "Globe Us/Info.plist";
				IPHONEOS_DEPLOYMENT_TARGET = 13.0;
				LD_RUNPATH_SEARCH_PATHS = (
					"$(inherited)",
					"@executable_path/Frameworks",
				);
				PRODUCT_BUNDLE_IDENTIFIER = "k.razhanov.Globe-Us";
				PRODUCT_NAME = "$(TARGET_NAME)";
				PROVISIONING_PROFILE_SPECIFIER = "";
				SWIFT_VERSION = 5.0;
				TARGETED_DEVICE_FAMILY = "1,2";
			};
			name = Release;
		};
		0517B05224BA474200008884 /* Debug */ = {
			isa = XCBuildConfiguration;
			baseConfigurationReference = DF9A6CB1E0022AD8DFA30E8F /* Pods-Globe UsTests.debug.xcconfig */;
			buildSettings = {
				ALWAYS_EMBED_SWIFT_STANDARD_LIBRARIES = YES;
				BUNDLE_LOADER = "$(TEST_HOST)";
				CODE_SIGN_STYLE = Automatic;
				DEVELOPMENT_TEAM = Y7ZA9R3ULH;
				INFOPLIST_FILE = "Globe UsTests/Info.plist";
				IPHONEOS_DEPLOYMENT_TARGET = 14.0;
				LD_RUNPATH_SEARCH_PATHS = (
					"$(inherited)",
					"@executable_path/Frameworks",
					"@loader_path/Frameworks",
				);
				PRODUCT_BUNDLE_IDENTIFIER = "k.razhanov.Globe-UsTests";
				PRODUCT_NAME = "$(TARGET_NAME)";
				SWIFT_VERSION = 5.0;
				TARGETED_DEVICE_FAMILY = "1,2";
				TEST_HOST = "$(BUILT_PRODUCTS_DIR)/Globe Us.app/Globe Us";
			};
			name = Debug;
		};
		0517B05324BA474200008884 /* Release */ = {
			isa = XCBuildConfiguration;
			baseConfigurationReference = 629F2DFE4206F374FB93EA1B /* Pods-Globe UsTests.release.xcconfig */;
			buildSettings = {
				ALWAYS_EMBED_SWIFT_STANDARD_LIBRARIES = YES;
				BUNDLE_LOADER = "$(TEST_HOST)";
				CODE_SIGN_STYLE = Automatic;
				DEVELOPMENT_TEAM = Y7ZA9R3ULH;
				INFOPLIST_FILE = "Globe UsTests/Info.plist";
				IPHONEOS_DEPLOYMENT_TARGET = 14.0;
				LD_RUNPATH_SEARCH_PATHS = (
					"$(inherited)",
					"@executable_path/Frameworks",
					"@loader_path/Frameworks",
				);
				PRODUCT_BUNDLE_IDENTIFIER = "k.razhanov.Globe-UsTests";
				PRODUCT_NAME = "$(TARGET_NAME)";
				SWIFT_VERSION = 5.0;
				TARGETED_DEVICE_FAMILY = "1,2";
				TEST_HOST = "$(BUILT_PRODUCTS_DIR)/Globe Us.app/Globe Us";
			};
			name = Release;
		};
		0517B05524BA474200008884 /* Debug */ = {
			isa = XCBuildConfiguration;
			baseConfigurationReference = 33BC249C115990C343359DB3 /* Pods-Globe Us-Globe UsUITests.debug.xcconfig */;
			buildSettings = {
				ALWAYS_EMBED_SWIFT_STANDARD_LIBRARIES = YES;
				CODE_SIGN_STYLE = Automatic;
				DEVELOPMENT_TEAM = Y7ZA9R3ULH;
				INFOPLIST_FILE = "Globe UsUITests/Info.plist";
				LD_RUNPATH_SEARCH_PATHS = (
					"$(inherited)",
					"@executable_path/Frameworks",
					"@loader_path/Frameworks",
				);
				PRODUCT_BUNDLE_IDENTIFIER = "k.razhanov.Globe-UsUITests";
				PRODUCT_NAME = "$(TARGET_NAME)";
				SWIFT_VERSION = 5.0;
				TARGETED_DEVICE_FAMILY = "1,2";
				TEST_TARGET_NAME = "Globe Us";
			};
			name = Debug;
		};
		0517B05624BA474200008884 /* Release */ = {
			isa = XCBuildConfiguration;
			baseConfigurationReference = 0AF799E7D1CC1056A70FCE75 /* Pods-Globe Us-Globe UsUITests.release.xcconfig */;
			buildSettings = {
				ALWAYS_EMBED_SWIFT_STANDARD_LIBRARIES = YES;
				CODE_SIGN_STYLE = Automatic;
				DEVELOPMENT_TEAM = Y7ZA9R3ULH;
				INFOPLIST_FILE = "Globe UsUITests/Info.plist";
				LD_RUNPATH_SEARCH_PATHS = (
					"$(inherited)",
					"@executable_path/Frameworks",
					"@loader_path/Frameworks",
				);
				PRODUCT_BUNDLE_IDENTIFIER = "k.razhanov.Globe-UsUITests";
				PRODUCT_NAME = "$(TARGET_NAME)";
				SWIFT_VERSION = 5.0;
				TARGETED_DEVICE_FAMILY = "1,2";
				TEST_TARGET_NAME = "Globe Us";
			};
			name = Release;
		};
/* End XCBuildConfiguration section */

/* Begin XCConfigurationList section */
		0517B01F24BA473C00008884 /* Build configuration list for PBXProject "Globe Us" */ = {
			isa = XCConfigurationList;
			buildConfigurations = (
				0517B04C24BA474200008884 /* Debug */,
				0517B04D24BA474200008884 /* Release */,
			);
			defaultConfigurationIsVisible = 0;
			defaultConfigurationName = Release;
		};
		0517B04E24BA474200008884 /* Build configuration list for PBXNativeTarget "Globe Us" */ = {
			isa = XCConfigurationList;
			buildConfigurations = (
				0517B04F24BA474200008884 /* Debug */,
				0517B05024BA474200008884 /* Release */,
			);
			defaultConfigurationIsVisible = 0;
			defaultConfigurationName = Release;
		};
		0517B05124BA474200008884 /* Build configuration list for PBXNativeTarget "Globe UsTests" */ = {
			isa = XCConfigurationList;
			buildConfigurations = (
				0517B05224BA474200008884 /* Debug */,
				0517B05324BA474200008884 /* Release */,
			);
			defaultConfigurationIsVisible = 0;
			defaultConfigurationName = Release;
		};
		0517B05424BA474200008884 /* Build configuration list for PBXNativeTarget "Globe UsUITests" */ = {
			isa = XCConfigurationList;
			buildConfigurations = (
				0517B05524BA474200008884 /* Debug */,
				0517B05624BA474200008884 /* Release */,
			);
			defaultConfigurationIsVisible = 0;
			defaultConfigurationName = Release;
		};
/* End XCConfigurationList section */
	};
	rootObject = 0517B01C24BA473C00008884 /* Project object */;
}
